// !$*UTF8*$!
{
	archiveVersion = 1;
	classes = {
	};
	objectVersion = 46;
	objects = {

/* Begin PBXBuildFile section */
		FB0D5DDA1E7BE7C3002A8CBC /* BaseTest.mm in Sources */ = {isa = PBXBuildFile; fileRef = FB0D5DD91E7BE7C3002A8CBC /* BaseTest.mm */; };
		FB77EA801E80DA3C00C569EF /* BaseMac.h in Headers */ = {isa = PBXBuildFile; fileRef = FB77EA7E1E80DA3C00C569EF /* BaseMac.h */; settings = {ATTRIBUTES = (Public, ); }; };
		FB77EAAF1E80DA6900C569EF /* _double in Headers */ = {isa = PBXBuildFile; fileRef = FB77EA851E80DA6900C569EF /* _double */; settings = {ATTRIBUTES = (Private, ); }; };
		FB77EAB11E80DA6900C569EF /* _double in Headers */ = {isa = PBXBuildFile; fileRef = FB77EA851E80DA6900C569EF /* _double */; settings = {ATTRIBUTES = (Private, ); }; };
		FB77EAB21E80DA6900C569EF /* _float in Headers */ = {isa = PBXBuildFile; fileRef = FB77EA861E80DA6900C569EF /* _float */; settings = {ATTRIBUTES = (Private, ); }; };
		FB77EAB41E80DA6900C569EF /* _float in Headers */ = {isa = PBXBuildFile; fileRef = FB77EA861E80DA6900C569EF /* _float */; settings = {ATTRIBUTES = (Private, ); }; };
		FB77EAB51E80DA6900C569EF /* Algorithm.cpp in Sources */ = {isa = PBXBuildFile; fileRef = FB77EA871E80DA6900C569EF /* Algorithm.cpp */; };
		FB77EAB61E80DA6900C569EF /* Algorithm.cpp in Sources */ = {isa = PBXBuildFile; fileRef = FB77EA871E80DA6900C569EF /* Algorithm.cpp */; };
		FB77EAB71E80DA6900C569EF /* Algorithm.cpp in Sources */ = {isa = PBXBuildFile; fileRef = FB77EA871E80DA6900C569EF /* Algorithm.cpp */; };
		FB77EAB81E80DA6900C569EF /* Algorithm.hpp in Headers */ = {isa = PBXBuildFile; fileRef = FB77EA881E80DA6900C569EF /* Algorithm.hpp */; };
		FB77EAB91E80DA6900C569EF /* Algorithm.hpp in Headers */ = {isa = PBXBuildFile; fileRef = FB77EA881E80DA6900C569EF /* Algorithm.hpp */; };
		FB77EABA1E80DA6900C569EF /* assert in Headers */ = {isa = PBXBuildFile; fileRef = FB77EA891E80DA6900C569EF /* assert */; settings = {ATTRIBUTES = (Public, ); }; };
		FB77EABC1E80DA6900C569EF /* assert in Headers */ = {isa = PBXBuildFile; fileRef = FB77EA891E80DA6900C569EF /* assert */; settings = {ATTRIBUTES = (Public, ); }; };
		FB77EABD1E80DA6900C569EF /* Base.h in Headers */ = {isa = PBXBuildFile; fileRef = FB77EA8A1E80DA6900C569EF /* Base.h */; settings = {ATTRIBUTES = (Public, ); }; };
		FB77EABE1E80DA6900C569EF /* Base.h in Headers */ = {isa = PBXBuildFile; fileRef = FB77EA8A1E80DA6900C569EF /* Base.h */; settings = {ATTRIBUTES = (Private, ); }; };
		FB77EABF1E80DA6900C569EF /* BufferInternal in Headers */ = {isa = PBXBuildFile; fileRef = FB77EA8B1E80DA6900C569EF /* BufferInternal */; };
		FB77EAC01E80DA6900C569EF /* BufferInternal in Headers */ = {isa = PBXBuildFile; fileRef = FB77EA8B1E80DA6900C569EF /* BufferInternal */; };
		FB77EAC61E80DA6900C569EF /* ComparisonResult in Headers */ = {isa = PBXBuildFile; fileRef = FB77EA8E1E80DA6900C569EF /* ComparisonResult */; settings = {ATTRIBUTES = (Public, ); }; };
		FB77EAC81E80DA6900C569EF /* ComparisonResult in Headers */ = {isa = PBXBuildFile; fileRef = FB77EA8E1E80DA6900C569EF /* ComparisonResult */; settings = {ATTRIBUTES = (Public, ); }; };
		FB77EAC91E80DA6900C569EF /* Data.cpp in Sources */ = {isa = PBXBuildFile; fileRef = FB77EA8F1E80DA6900C569EF /* Data.cpp */; };
		FB77EACA1E80DA6900C569EF /* Data.cpp in Sources */ = {isa = PBXBuildFile; fileRef = FB77EA8F1E80DA6900C569EF /* Data.cpp */; };
		FB77EACB1E80DA6900C569EF /* Data.cpp in Sources */ = {isa = PBXBuildFile; fileRef = FB77EA8F1E80DA6900C569EF /* Data.cpp */; };
		FB77EACC1E80DA6900C569EF /* Data.hpp in Headers */ = {isa = PBXBuildFile; fileRef = FB77EA901E80DA6900C569EF /* Data.hpp */; settings = {ATTRIBUTES = (Public, ); }; };
		FB77EACD1E80DA6900C569EF /* Data.hpp in Headers */ = {isa = PBXBuildFile; fileRef = FB77EA901E80DA6900C569EF /* Data.hpp */; settings = {ATTRIBUTES = (Public, ); }; };
		FB77EACE1E80DA6900C569EF /* Date.cpp in Sources */ = {isa = PBXBuildFile; fileRef = FB77EA911E80DA6900C569EF /* Date.cpp */; };
		FB77EACF1E80DA6900C569EF /* Date.cpp in Sources */ = {isa = PBXBuildFile; fileRef = FB77EA911E80DA6900C569EF /* Date.cpp */; };
		FB77EAD01E80DA6900C569EF /* Date.cpp in Sources */ = {isa = PBXBuildFile; fileRef = FB77EA911E80DA6900C569EF /* Date.cpp */; };
		FB77EAD11E80DA6900C569EF /* Date.hpp in Headers */ = {isa = PBXBuildFile; fileRef = FB77EA921E80DA6900C569EF /* Date.hpp */; settings = {ATTRIBUTES = (Public, ); }; };
		FB77EAD21E80DA6900C569EF /* Date.hpp in Headers */ = {isa = PBXBuildFile; fileRef = FB77EA921E80DA6900C569EF /* Date.hpp */; settings = {ATTRIBUTES = (Public, ); }; };
		FB77EAD31E80DA6900C569EF /* defines in Headers */ = {isa = PBXBuildFile; fileRef = FB77EA931E80DA6900C569EF /* defines */; settings = {ATTRIBUTES = (Public, ); }; };
		FB77EAD41E80DA6900C569EF /* defines in Headers */ = {isa = PBXBuildFile; fileRef = FB77EA931E80DA6900C569EF /* defines */; settings = {ATTRIBUTES = (Public, ); }; };
		FB77EAD51E80DA6900C569EF /* Error.cpp in Sources */ = {isa = PBXBuildFile; fileRef = FB77EA941E80DA6900C569EF /* Error.cpp */; };
		FB77EAD61E80DA6900C569EF /* Error.cpp in Sources */ = {isa = PBXBuildFile; fileRef = FB77EA941E80DA6900C569EF /* Error.cpp */; };
		FB77EAD71E80DA6900C569EF /* Error.cpp in Sources */ = {isa = PBXBuildFile; fileRef = FB77EA941E80DA6900C569EF /* Error.cpp */; };
		FB77EAD81E80DA6900C569EF /* Error.hpp in Headers */ = {isa = PBXBuildFile; fileRef = FB77EA951E80DA6900C569EF /* Error.hpp */; settings = {ATTRIBUTES = (Public, ); }; };
		FB77EAD91E80DA6900C569EF /* Error.hpp in Headers */ = {isa = PBXBuildFile; fileRef = FB77EA951E80DA6900C569EF /* Error.hpp */; settings = {ATTRIBUTES = (Public, ); }; };
		FB77EADA1E80DA6900C569EF /* Exception.cpp in Sources */ = {isa = PBXBuildFile; fileRef = FB77EA961E80DA6900C569EF /* Exception.cpp */; };
		FB77EADB1E80DA6900C569EF /* Exception.cpp in Sources */ = {isa = PBXBuildFile; fileRef = FB77EA961E80DA6900C569EF /* Exception.cpp */; };
		FB77EADC1E80DA6900C569EF /* Exception.cpp in Sources */ = {isa = PBXBuildFile; fileRef = FB77EA961E80DA6900C569EF /* Exception.cpp */; };
		FB77EADD1E80DA6900C569EF /* Exception.hpp in Headers */ = {isa = PBXBuildFile; fileRef = FB77EA971E80DA6900C569EF /* Exception.hpp */; settings = {ATTRIBUTES = (Public, ); }; };
		FB77EADE1E80DA6900C569EF /* Exception.hpp in Headers */ = {isa = PBXBuildFile; fileRef = FB77EA971E80DA6900C569EF /* Exception.hpp */; settings = {ATTRIBUTES = (Public, ); }; };
		FB77EADF1E80DA6900C569EF /* global.h in Headers */ = {isa = PBXBuildFile; fileRef = FB77EA981E80DA6900C569EF /* global.h */; settings = {ATTRIBUTES = (Public, ); }; };
		FB77EAE01E80DA6900C569EF /* global.h in Headers */ = {isa = PBXBuildFile; fileRef = FB77EA981E80DA6900C569EF /* global.h */; settings = {ATTRIBUTES = (Public, ); }; };
		FB77EAE41E80DA6900C569EF /* iterator in Headers */ = {isa = PBXBuildFile; fileRef = FB77EA9A1E80DA6900C569EF /* iterator */; settings = {ATTRIBUTES = (Public, ); }; };
		FB77EAE61E80DA6900C569EF /* iterator in Headers */ = {isa = PBXBuildFile; fileRef = FB77EA9A1E80DA6900C569EF /* iterator */; settings = {ATTRIBUTES = (Public, ); }; };
		FB77EAE71E80DA6900C569EF /* log.cpp in Sources */ = {isa = PBXBuildFile; fileRef = FB77EA9B1E80DA6900C569EF /* log.cpp */; };
		FB77EAE81E80DA6900C569EF /* log.cpp in Sources */ = {isa = PBXBuildFile; fileRef = FB77EA9B1E80DA6900C569EF /* log.cpp */; };
		FB77EAE91E80DA6900C569EF /* log.cpp in Sources */ = {isa = PBXBuildFile; fileRef = FB77EA9B1E80DA6900C569EF /* log.cpp */; };
		FB77EAEA1E80DA6900C569EF /* log.hpp in Headers */ = {isa = PBXBuildFile; fileRef = FB77EA9C1E80DA6900C569EF /* log.hpp */; settings = {ATTRIBUTES = (Public, ); }; };
		FB77EAEB1E80DA6900C569EF /* log.hpp in Headers */ = {isa = PBXBuildFile; fileRef = FB77EA9C1E80DA6900C569EF /* log.hpp */; settings = {ATTRIBUTES = (Public, ); }; };
		FB77EAEC1E80DA6900C569EF /* Number.cpp in Sources */ = {isa = PBXBuildFile; fileRef = FB77EA9D1E80DA6900C569EF /* Number.cpp */; };
		FB77EAED1E80DA6900C569EF /* Number.cpp in Sources */ = {isa = PBXBuildFile; fileRef = FB77EA9D1E80DA6900C569EF /* Number.cpp */; };
		FB77EAEE1E80DA6900C569EF /* Number.cpp in Sources */ = {isa = PBXBuildFile; fileRef = FB77EA9D1E80DA6900C569EF /* Number.cpp */; };
		FB77EAEF1E80DA6900C569EF /* Number.hpp in Headers */ = {isa = PBXBuildFile; fileRef = FB77EA9E1E80DA6900C569EF /* Number.hpp */; settings = {ATTRIBUTES = (Public, ); }; };
		FB77EAF01E80DA6900C569EF /* Number.hpp in Headers */ = {isa = PBXBuildFile; fileRef = FB77EA9E1E80DA6900C569EF /* Number.hpp */; settings = {ATTRIBUTES = (Public, ); }; };
		FB77EAF11E80DA6900C569EF /* Object.cpp in Sources */ = {isa = PBXBuildFile; fileRef = FB77EA9F1E80DA6900C569EF /* Object.cpp */; };
		FB77EAF21E80DA6900C569EF /* Object.cpp in Sources */ = {isa = PBXBuildFile; fileRef = FB77EA9F1E80DA6900C569EF /* Object.cpp */; };
		FB77EAF31E80DA6900C569EF /* Object.cpp in Sources */ = {isa = PBXBuildFile; fileRef = FB77EA9F1E80DA6900C569EF /* Object.cpp */; };
		FB77EAF41E80DA6900C569EF /* Object.hpp in Headers */ = {isa = PBXBuildFile; fileRef = FB77EAA01E80DA6900C569EF /* Object.hpp */; settings = {ATTRIBUTES = (Public, ); }; };
		FB77EAF51E80DA6900C569EF /* Object.hpp in Headers */ = {isa = PBXBuildFile; fileRef = FB77EAA01E80DA6900C569EF /* Object.hpp */; settings = {ATTRIBUTES = (Public, ); }; };
		FB77EAF61E80DA6900C569EF /* ObjectPrivate.h in Headers */ = {isa = PBXBuildFile; fileRef = FB77EAA11E80DA6900C569EF /* ObjectPrivate.h */; settings = {ATTRIBUTES = (Private, ); }; };
		FB77EAF81E80DA6900C569EF /* ObjectPrivate.h in Headers */ = {isa = PBXBuildFile; fileRef = FB77EAA11E80DA6900C569EF /* ObjectPrivate.h */; settings = {ATTRIBUTES = (Private, ); }; };
		FB77EAF91E80DA6900C569EF /* Range.cpp in Sources */ = {isa = PBXBuildFile; fileRef = FB77EAA21E80DA6900C569EF /* Range.cpp */; };
		FB77EAFA1E80DA6900C569EF /* Range.cpp in Sources */ = {isa = PBXBuildFile; fileRef = FB77EAA21E80DA6900C569EF /* Range.cpp */; };
		FB77EAFB1E80DA6900C569EF /* Range.cpp in Sources */ = {isa = PBXBuildFile; fileRef = FB77EAA21E80DA6900C569EF /* Range.cpp */; };
		FB77EAFC1E80DA6900C569EF /* Range.hpp in Headers */ = {isa = PBXBuildFile; fileRef = FB77EAA31E80DA6900C569EF /* Range.hpp */; settings = {ATTRIBUTES = (Public, ); }; };
		FB77EAFD1E80DA6900C569EF /* Range.hpp in Headers */ = {isa = PBXBuildFile; fileRef = FB77EAA31E80DA6900C569EF /* Range.hpp */; settings = {ATTRIBUTES = (Public, ); }; };
		FB77EAFE1E80DA6900C569EF /* String.cpp in Sources */ = {isa = PBXBuildFile; fileRef = FB77EAA41E80DA6900C569EF /* String.cpp */; };
		FB77EAFF1E80DA6900C569EF /* String.cpp in Sources */ = {isa = PBXBuildFile; fileRef = FB77EAA41E80DA6900C569EF /* String.cpp */; };
		FB77EB001E80DA6900C569EF /* String.cpp in Sources */ = {isa = PBXBuildFile; fileRef = FB77EAA41E80DA6900C569EF /* String.cpp */; };
		FB77EB011E80DA6900C569EF /* String.hpp in Headers */ = {isa = PBXBuildFile; fileRef = FB77EAA51E80DA6900C569EF /* String.hpp */; settings = {ATTRIBUTES = (Public, ); }; };
		FB77EB021E80DA6900C569EF /* String.hpp in Headers */ = {isa = PBXBuildFile; fileRef = FB77EAA51E80DA6900C569EF /* String.hpp */; settings = {ATTRIBUTES = (Public, ); }; };
		FB77EB031E80DA6900C569EF /* TaggedPointer.cpp in Sources */ = {isa = PBXBuildFile; fileRef = FB77EAA61E80DA6900C569EF /* TaggedPointer.cpp */; };
		FB77EB041E80DA6900C569EF /* TaggedPointer.cpp in Sources */ = {isa = PBXBuildFile; fileRef = FB77EAA61E80DA6900C569EF /* TaggedPointer.cpp */; };
		FB77EB051E80DA6900C569EF /* TaggedPointer.cpp in Sources */ = {isa = PBXBuildFile; fileRef = FB77EAA61E80DA6900C569EF /* TaggedPointer.cpp */; };
		FB77EB061E80DA6900C569EF /* TaggedPointer.h in Headers */ = {isa = PBXBuildFile; fileRef = FB77EAA71E80DA6900C569EF /* TaggedPointer.h */; };
		FB77EB071E80DA6900C569EF /* TaggedPointer.h in Headers */ = {isa = PBXBuildFile; fileRef = FB77EAA71E80DA6900C569EF /* TaggedPointer.h */; };
		FB77EB081E80DA6900C569EF /* TaggedPointer in Headers */ = {isa = PBXBuildFile; fileRef = FB77EAA81E80DA6900C569EF /* TaggedPointer */; };
		FB77EB0A1E80DA6900C569EF /* TaggedPointer in Headers */ = {isa = PBXBuildFile; fileRef = FB77EAA81E80DA6900C569EF /* TaggedPointer */; };
		FB77EB0B1E80DA6900C569EF /* tprintf.cpp in Sources */ = {isa = PBXBuildFile; fileRef = FB77EAA91E80DA6900C569EF /* tprintf.cpp */; };
		FB77EB0C1E80DA6900C569EF /* tprintf.cpp in Sources */ = {isa = PBXBuildFile; fileRef = FB77EAA91E80DA6900C569EF /* tprintf.cpp */; };
		FB77EB0D1E80DA6900C569EF /* tprintf.cpp in Sources */ = {isa = PBXBuildFile; fileRef = FB77EAA91E80DA6900C569EF /* tprintf.cpp */; };
		FB77EB0E1E80DA6900C569EF /* tprintf.hpp in Headers */ = {isa = PBXBuildFile; fileRef = FB77EAAA1E80DA6900C569EF /* tprintf.hpp */; settings = {ATTRIBUTES = (Public, ); }; };
		FB77EB0F1E80DA6900C569EF /* tprintf.hpp in Headers */ = {isa = PBXBuildFile; fileRef = FB77EAAA1E80DA6900C569EF /* tprintf.hpp */; settings = {ATTRIBUTES = (Public, ); }; };
		FB77EB101E80DA6900C569EF /* types.h in Headers */ = {isa = PBXBuildFile; fileRef = FB77EAAB1E80DA6900C569EF /* types.h */; settings = {ATTRIBUTES = (Public, ); }; };
		FB77EB111E80DA6900C569EF /* types.h in Headers */ = {isa = PBXBuildFile; fileRef = FB77EAAB1E80DA6900C569EF /* types.h */; settings = {ATTRIBUTES = (Public, ); }; };
		FB77EB121E80DA6900C569EF /* usings in Headers */ = {isa = PBXBuildFile; fileRef = FB77EAAC1E80DA6900C569EF /* usings */; settings = {ATTRIBUTES = (Public, ); }; };
		FB77EB141E80DA6900C569EF /* usings in Headers */ = {isa = PBXBuildFile; fileRef = FB77EAAC1E80DA6900C569EF /* usings */; settings = {ATTRIBUTES = (Public, ); }; };
		FB77EB151E80DA6900C569EF /* Variant.cpp in Sources */ = {isa = PBXBuildFile; fileRef = FB77EAAD1E80DA6900C569EF /* Variant.cpp */; };
		FB77EB161E80DA6900C569EF /* Variant.cpp in Sources */ = {isa = PBXBuildFile; fileRef = FB77EAAD1E80DA6900C569EF /* Variant.cpp */; };
		FB77EB171E80DA6900C569EF /* Variant.cpp in Sources */ = {isa = PBXBuildFile; fileRef = FB77EAAD1E80DA6900C569EF /* Variant.cpp */; };
		FB77EB181E80DA6900C569EF /* Variant.hpp in Headers */ = {isa = PBXBuildFile; fileRef = FB77EAAE1E80DA6900C569EF /* Variant.hpp */; settings = {ATTRIBUTES = (Public, ); }; };
		FB77EB191E80DA6900C569EF /* Variant.hpp in Headers */ = {isa = PBXBuildFile; fileRef = FB77EAAE1E80DA6900C569EF /* Variant.hpp */; settings = {ATTRIBUTES = (Public, ); }; };
		FB9226DD1E7BCE7E00128B17 /* Base.framework in Frameworks */ = {isa = PBXBuildFile; fileRef = FB9226D31E7BCE7E00128B17 /* Base.framework */; };
		FB9226E21E7BCE7E00128B17 /* BaseTests.m in Sources */ = {isa = PBXBuildFile; fileRef = FB9226E11E7BCE7E00128B17 /* BaseTests.m */; };
/* End PBXBuildFile section */

/* Begin PBXContainerItemProxy section */
		FB9226DE1E7BCE7E00128B17 /* PBXContainerItemProxy */ = {
			isa = PBXContainerItemProxy;
			containerPortal = FB9226CA1E7BCE7E00128B17 /* Project object */;
			proxyType = 1;
			remoteGlobalIDString = FB9226D21E7BCE7E00128B17;
			remoteInfo = Base;
		};
/* End PBXContainerItemProxy section */

/* Begin PBXFileReference section */
		FB0D5DD91E7BE7C3002A8CBC /* BaseTest.mm */ = {isa = PBXFileReference; fileEncoding = 4; lastKnownFileType = sourcecode.cpp.objcpp; path = BaseTest.mm; sourceTree = "<group>"; };
		FB77EA7C1E80DA3C00C569EF /* BaseMac.framework */ = {isa = PBXFileReference; explicitFileType = wrapper.framework; includeInIndex = 0; path = BaseMac.framework; sourceTree = BUILT_PRODUCTS_DIR; };
		FB77EA7E1E80DA3C00C569EF /* BaseMac.h */ = {isa = PBXFileReference; lastKnownFileType = sourcecode.c.h; path = BaseMac.h; sourceTree = "<group>"; };
		FB77EA7F1E80DA3C00C569EF /* Info.plist */ = {isa = PBXFileReference; lastKnownFileType = text.plist.xml; path = Info.plist; sourceTree = "<group>"; };
		FB77EA851E80DA6900C569EF /* _double */ = {isa = PBXFileReference; explicitFileType = sourcecode.cpp.cpp; fileEncoding = 4; path = _double; sourceTree = "<group>"; };
		FB77EA861E80DA6900C569EF /* _float */ = {isa = PBXFileReference; explicitFileType = sourcecode.cpp.cpp; fileEncoding = 4; path = _float; sourceTree = "<group>"; };
		FB77EA871E80DA6900C569EF /* Algorithm.cpp */ = {isa = PBXFileReference; fileEncoding = 4; lastKnownFileType = sourcecode.cpp.cpp; path = Algorithm.cpp; sourceTree = "<group>"; };
		FB77EA881E80DA6900C569EF /* Algorithm.hpp */ = {isa = PBXFileReference; fileEncoding = 4; lastKnownFileType = sourcecode.cpp.h; path = Algorithm.hpp; sourceTree = "<group>"; };
		FB77EA891E80DA6900C569EF /* assert */ = {isa = PBXFileReference; explicitFileType = sourcecode.cpp.cpp; fileEncoding = 4; path = assert; sourceTree = "<group>"; };
		FB77EA8A1E80DA6900C569EF /* Base.h */ = {isa = PBXFileReference; fileEncoding = 4; lastKnownFileType = sourcecode.c.h; path = Base.h; sourceTree = "<group>"; };
		FB77EA8B1E80DA6900C569EF /* BufferInternal */ = {isa = PBXFileReference; explicitFileType = sourcecode.cpp.cpp; fileEncoding = 4; path = BufferInternal; sourceTree = "<group>"; };
		FB77EA8E1E80DA6900C569EF /* ComparisonResult */ = {isa = PBXFileReference; explicitFileType = sourcecode.cpp.cpp; fileEncoding = 4; path = ComparisonResult; sourceTree = "<group>"; };
		FB77EA8F1E80DA6900C569EF /* Data.cpp */ = {isa = PBXFileReference; fileEncoding = 4; lastKnownFileType = sourcecode.cpp.cpp; path = Data.cpp; sourceTree = "<group>"; };
		FB77EA901E80DA6900C569EF /* Data.hpp */ = {isa = PBXFileReference; fileEncoding = 4; lastKnownFileType = sourcecode.cpp.h; path = Data.hpp; sourceTree = "<group>"; };
		FB77EA911E80DA6900C569EF /* Date.cpp */ = {isa = PBXFileReference; fileEncoding = 4; lastKnownFileType = sourcecode.cpp.cpp; path = Date.cpp; sourceTree = "<group>"; };
		FB77EA921E80DA6900C569EF /* Date.hpp */ = {isa = PBXFileReference; fileEncoding = 4; lastKnownFileType = sourcecode.cpp.h; path = Date.hpp; sourceTree = "<group>"; };
		FB77EA931E80DA6900C569EF /* defines */ = {isa = PBXFileReference; explicitFileType = sourcecode.cpp.cpp; fileEncoding = 4; path = defines; sourceTree = "<group>"; };
		FB77EA941E80DA6900C569EF /* Error.cpp */ = {isa = PBXFileReference; fileEncoding = 4; lastKnownFileType = sourcecode.cpp.cpp; path = Error.cpp; sourceTree = "<group>"; };
		FB77EA951E80DA6900C569EF /* Error.hpp */ = {isa = PBXFileReference; fileEncoding = 4; lastKnownFileType = sourcecode.cpp.h; path = Error.hpp; sourceTree = "<group>"; };
		FB77EA961E80DA6900C569EF /* Exception.cpp */ = {isa = PBXFileReference; fileEncoding = 4; lastKnownFileType = sourcecode.cpp.cpp; path = Exception.cpp; sourceTree = "<group>"; };
		FB77EA971E80DA6900C569EF /* Exception.hpp */ = {isa = PBXFileReference; fileEncoding = 4; lastKnownFileType = sourcecode.cpp.h; path = Exception.hpp; sourceTree = "<group>"; };
		FB77EA981E80DA6900C569EF /* global.h */ = {isa = PBXFileReference; fileEncoding = 4; lastKnownFileType = sourcecode.c.h; path = global.h; sourceTree = "<group>"; };
		FB77EA991E80DA6900C569EF /* Info.plist */ = {isa = PBXFileReference; fileEncoding = 4; lastKnownFileType = text.plist.xml; path = Info.plist; sourceTree = "<group>"; };
		FB77EA9A1E80DA6900C569EF /* iterator */ = {isa = PBXFileReference; explicitFileType = sourcecode.cpp.cpp; fileEncoding = 4; path = iterator; sourceTree = "<group>"; };
		FB77EA9B1E80DA6900C569EF /* log.cpp */ = {isa = PBXFileReference; fileEncoding = 4; lastKnownFileType = sourcecode.cpp.cpp; path = log.cpp; sourceTree = "<group>"; };
		FB77EA9C1E80DA6900C569EF /* log.hpp */ = {isa = PBXFileReference; fileEncoding = 4; lastKnownFileType = sourcecode.cpp.h; path = log.hpp; sourceTree = "<group>"; };
		FB77EA9D1E80DA6900C569EF /* Number.cpp */ = {isa = PBXFileReference; fileEncoding = 4; lastKnownFileType = sourcecode.cpp.cpp; path = Number.cpp; sourceTree = "<group>"; };
		FB77EA9E1E80DA6900C569EF /* Number.hpp */ = {isa = PBXFileReference; fileEncoding = 4; lastKnownFileType = sourcecode.cpp.h; path = Number.hpp; sourceTree = "<group>"; };
		FB77EA9F1E80DA6900C569EF /* Object.cpp */ = {isa = PBXFileReference; fileEncoding = 4; lastKnownFileType = sourcecode.cpp.cpp; path = Object.cpp; sourceTree = "<group>"; };
		FB77EAA01E80DA6900C569EF /* Object.hpp */ = {isa = PBXFileReference; fileEncoding = 4; lastKnownFileType = sourcecode.cpp.h; path = Object.hpp; sourceTree = "<group>"; };
		FB77EAA11E80DA6900C569EF /* ObjectPrivate.h */ = {isa = PBXFileReference; fileEncoding = 4; lastKnownFileType = sourcecode.c.h; path = ObjectPrivate.h; sourceTree = "<group>"; };
		FB77EAA21E80DA6900C569EF /* Range.cpp */ = {isa = PBXFileReference; fileEncoding = 4; lastKnownFileType = sourcecode.cpp.cpp; path = Range.cpp; sourceTree = "<group>"; };
		FB77EAA31E80DA6900C569EF /* Range.hpp */ = {isa = PBXFileReference; fileEncoding = 4; lastKnownFileType = sourcecode.cpp.h; path = Range.hpp; sourceTree = "<group>"; };
		FB77EAA41E80DA6900C569EF /* String.cpp */ = {isa = PBXFileReference; fileEncoding = 4; lastKnownFileType = sourcecode.cpp.cpp; path = String.cpp; sourceTree = "<group>"; };
		FB77EAA51E80DA6900C569EF /* String.hpp */ = {isa = PBXFileReference; fileEncoding = 4; lastKnownFileType = sourcecode.cpp.h; path = String.hpp; sourceTree = "<group>"; };
		FB77EAA61E80DA6900C569EF /* TaggedPointer.cpp */ = {isa = PBXFileReference; fileEncoding = 4; lastKnownFileType = sourcecode.cpp.cpp; path = TaggedPointer.cpp; sourceTree = "<group>"; };
		FB77EAA71E80DA6900C569EF /* TaggedPointer.h */ = {isa = PBXFileReference; fileEncoding = 4; lastKnownFileType = sourcecode.c.h; path = TaggedPointer.h; sourceTree = "<group>"; };
		FB77EAA81E80DA6900C569EF /* TaggedPointer */ = {isa = PBXFileReference; explicitFileType = sourcecode.cpp.cpp; fileEncoding = 4; path = TaggedPointer; sourceTree = "<group>"; };
		FB77EAA91E80DA6900C569EF /* tprintf.cpp */ = {isa = PBXFileReference; fileEncoding = 4; lastKnownFileType = sourcecode.cpp.cpp; path = tprintf.cpp; sourceTree = "<group>"; };
		FB77EAAA1E80DA6900C569EF /* tprintf.hpp */ = {isa = PBXFileReference; fileEncoding = 4; lastKnownFileType = sourcecode.cpp.h; path = tprintf.hpp; sourceTree = "<group>"; };
		FB77EAAB1E80DA6900C569EF /* types.h */ = {isa = PBXFileReference; fileEncoding = 4; lastKnownFileType = sourcecode.c.h; path = types.h; sourceTree = "<group>"; };
		FB77EAAC1E80DA6900C569EF /* usings */ = {isa = PBXFileReference; explicitFileType = sourcecode.cpp.cpp; fileEncoding = 4; path = usings; sourceTree = "<group>"; };
		FB77EAAD1E80DA6900C569EF /* Variant.cpp */ = {isa = PBXFileReference; fileEncoding = 4; lastKnownFileType = sourcecode.cpp.cpp; path = Variant.cpp; sourceTree = "<group>"; };
		FB77EAAE1E80DA6900C569EF /* Variant.hpp */ = {isa = PBXFileReference; fileEncoding = 4; lastKnownFileType = sourcecode.cpp.h; path = Variant.hpp; sourceTree = "<group>"; };
		FB9226D31E7BCE7E00128B17 /* Base.framework */ = {isa = PBXFileReference; explicitFileType = wrapper.framework; includeInIndex = 0; path = Base.framework; sourceTree = BUILT_PRODUCTS_DIR; };
		FB9226DC1E7BCE7E00128B17 /* BaseTests.xctest */ = {isa = PBXFileReference; explicitFileType = wrapper.cfbundle; includeInIndex = 0; path = BaseTests.xctest; sourceTree = BUILT_PRODUCTS_DIR; };
		FB9226E11E7BCE7E00128B17 /* BaseTests.m */ = {isa = PBXFileReference; lastKnownFileType = sourcecode.c.objc; path = BaseTests.m; sourceTree = "<group>"; };
		FB9226E31E7BCE7E00128B17 /* Info.plist */ = {isa = PBXFileReference; lastKnownFileType = text.plist.xml; path = Info.plist; sourceTree = "<group>"; };
/* End PBXFileReference section */

/* Begin PBXFrameworksBuildPhase section */
		FB77EA781E80DA3C00C569EF /* Frameworks */ = {
			isa = PBXFrameworksBuildPhase;
			buildActionMask = 2147483647;
			files = (
			);
			runOnlyForDeploymentPostprocessing = 0;
		};
		FB9226CF1E7BCE7E00128B17 /* Frameworks */ = {
			isa = PBXFrameworksBuildPhase;
			buildActionMask = 2147483647;
			files = (
			);
			runOnlyForDeploymentPostprocessing = 0;
		};
		FB9226D91E7BCE7E00128B17 /* Frameworks */ = {
			isa = PBXFrameworksBuildPhase;
			buildActionMask = 2147483647;
			files = (
				FB9226DD1E7BCE7E00128B17 /* Base.framework in Frameworks */,
			);
			runOnlyForDeploymentPostprocessing = 0;
		};
/* End PBXFrameworksBuildPhase section */

/* Begin PBXGroup section */
		FB77EA7D1E80DA3C00C569EF /* BaseMac */ = {
			isa = PBXGroup;
			children = (
				FB77EA7E1E80DA3C00C569EF /* BaseMac.h */,
				FB77EA7F1E80DA3C00C569EF /* Info.plist */,
			);
			path = BaseMac;
			sourceTree = "<group>";
		};
		FB77EA841E80DA6900C569EF /* Base */ = {
			isa = PBXGroup;
			children = (
				FB77EA851E80DA6900C569EF /* _double */,
				FB77EA861E80DA6900C569EF /* _float */,
				FB77EA871E80DA6900C569EF /* Algorithm.cpp */,
				FB77EA881E80DA6900C569EF /* Algorithm.hpp */,
				FB77EA891E80DA6900C569EF /* assert */,
				FB77EA8A1E80DA6900C569EF /* Base.h */,
				FB77EA8B1E80DA6900C569EF /* BufferInternal */,
				FB77EA8E1E80DA6900C569EF /* ComparisonResult */,
				FB77EA8F1E80DA6900C569EF /* Data.cpp */,
				FB77EA901E80DA6900C569EF /* Data.hpp */,
				FB77EA911E80DA6900C569EF /* Date.cpp */,
				FB77EA921E80DA6900C569EF /* Date.hpp */,
				FB77EA931E80DA6900C569EF /* defines */,
				FB77EA941E80DA6900C569EF /* Error.cpp */,
				FB77EA951E80DA6900C569EF /* Error.hpp */,
				FB77EA961E80DA6900C569EF /* Exception.cpp */,
				FB77EA971E80DA6900C569EF /* Exception.hpp */,
				FB77EA981E80DA6900C569EF /* global.h */,
				FB77EA991E80DA6900C569EF /* Info.plist */,
				FB77EA9A1E80DA6900C569EF /* iterator */,
				FB77EA9B1E80DA6900C569EF /* log.cpp */,
				FB77EA9C1E80DA6900C569EF /* log.hpp */,
				FB77EA9D1E80DA6900C569EF /* Number.cpp */,
				FB77EA9E1E80DA6900C569EF /* Number.hpp */,
				FB77EA9F1E80DA6900C569EF /* Object.cpp */,
				FB77EAA01E80DA6900C569EF /* Object.hpp */,
				FB77EAA11E80DA6900C569EF /* ObjectPrivate.h */,
				FB77EAA21E80DA6900C569EF /* Range.cpp */,
				FB77EAA31E80DA6900C569EF /* Range.hpp */,
				FB77EAA41E80DA6900C569EF /* String.cpp */,
				FB77EAA51E80DA6900C569EF /* String.hpp */,
				FB77EAA61E80DA6900C569EF /* TaggedPointer.cpp */,
				FB77EAA71E80DA6900C569EF /* TaggedPointer.h */,
				FB77EAA81E80DA6900C569EF /* TaggedPointer */,
				FB77EAA91E80DA6900C569EF /* tprintf.cpp */,
				FB77EAAA1E80DA6900C569EF /* tprintf.hpp */,
				FB77EAAB1E80DA6900C569EF /* types.h */,
				FB77EAAC1E80DA6900C569EF /* usings */,
				FB77EAAD1E80DA6900C569EF /* Variant.cpp */,
				FB77EAAE1E80DA6900C569EF /* Variant.hpp */,
			);
			path = Base;
			sourceTree = "<group>";
		};
		FB9226C91E7BCE7E00128B17 = {
			isa = PBXGroup;
			children = (
				FB77EA841E80DA6900C569EF /* Base */,
				FB9226E01E7BCE7E00128B17 /* BaseTests */,
				FB77EA7D1E80DA3C00C569EF /* BaseMac */,
				FB9226D41E7BCE7E00128B17 /* Products */,
			);
			sourceTree = "<group>";
		};
		FB9226D41E7BCE7E00128B17 /* Products */ = {
			isa = PBXGroup;
			children = (
				FB9226D31E7BCE7E00128B17 /* Base.framework */,
				FB9226DC1E7BCE7E00128B17 /* BaseTests.xctest */,
				FB77EA7C1E80DA3C00C569EF /* BaseMac.framework */,
			);
			name = Products;
			sourceTree = "<group>";
		};
		FB9226E01E7BCE7E00128B17 /* BaseTests */ = {
			isa = PBXGroup;
			children = (
				FB0D5DD91E7BE7C3002A8CBC /* BaseTest.mm */,
				FB9226E11E7BCE7E00128B17 /* BaseTests.m */,
				FB9226E31E7BCE7E00128B17 /* Info.plist */,
			);
			path = BaseTests;
			sourceTree = "<group>";
		};
/* End PBXGroup section */

/* Begin PBXHeadersBuildPhase section */
		FB77EA791E80DA3C00C569EF /* Headers */ = {
			isa = PBXHeadersBuildPhase;
			buildActionMask = 2147483647;
			files = (
				FB77EAE01E80DA6900C569EF /* global.h in Headers */,
				FB77EAF51E80DA6900C569EF /* Object.hpp in Headers */,
				FB77EB191E80DA6900C569EF /* Variant.hpp in Headers */,
				FB77EB0F1E80DA6900C569EF /* tprintf.hpp in Headers */,
				FB77EAEB1E80DA6900C569EF /* log.hpp in Headers */,
				FB77EAD91E80DA6900C569EF /* Error.hpp in Headers */,
				FB77EB021E80DA6900C569EF /* String.hpp in Headers */,
				FB77EB111E80DA6900C569EF /* types.h in Headers */,
				FB77EAC01E80DA6900C569EF /* BufferInternal in Headers */,
				FB77EACD1E80DA6900C569EF /* Data.hpp in Headers */,
				FB77EAD41E80DA6900C569EF /* defines in Headers */,
				FB77EAFD1E80DA6900C569EF /* Range.hpp in Headers */,
				FB77EADE1E80DA6900C569EF /* Exception.hpp in Headers */,
				FB77EAD21E80DA6900C569EF /* Date.hpp in Headers */,
				FB77EAF01E80DA6900C569EF /* Number.hpp in Headers */,
				FB77EABC1E80DA6900C569EF /* assert in Headers */,
				FB77EB141E80DA6900C569EF /* usings in Headers */,
				FB77EAC81E80DA6900C569EF /* ComparisonResult in Headers */,
				FB77EAE61E80DA6900C569EF /* iterator in Headers */,
				FB77EABE1E80DA6900C569EF /* Base.h in Headers */,
				FB77EAB41E80DA6900C569EF /* _float in Headers */,
				FB77EAB11E80DA6900C569EF /* _double in Headers */,
				FB77EAF81E80DA6900C569EF /* ObjectPrivate.h in Headers */,
				FB77EB0A1E80DA6900C569EF /* TaggedPointer in Headers */,
				FB77EAB91E80DA6900C569EF /* Algorithm.hpp in Headers */,
				FB77EB071E80DA6900C569EF /* TaggedPointer.h in Headers */,
				FB77EA801E80DA3C00C569EF /* BaseMac.h in Headers */,
			);
			runOnlyForDeploymentPostprocessing = 0;
		};
		FB9226D01E7BCE7E00128B17 /* Headers */ = {
			isa = PBXHeadersBuildPhase;
			buildActionMask = 2147483647;
			files = (
				FB77EAD31E80DA6900C569EF /* defines in Headers */,
				FB77EAEF1E80DA6900C569EF /* Number.hpp in Headers */,
				FB77EB011E80DA6900C569EF /* String.hpp in Headers */,
				FB77EADF1E80DA6900C569EF /* global.h in Headers */,
				FB77EADD1E80DA6900C569EF /* Exception.hpp in Headers */,
				FB77EB101E80DA6900C569EF /* types.h in Headers */,
				FB77EAFC1E80DA6900C569EF /* Range.hpp in Headers */,
				FB77EAD81E80DA6900C569EF /* Error.hpp in Headers */,
				FB77EAF41E80DA6900C569EF /* Object.hpp in Headers */,
				FB77EAEA1E80DA6900C569EF /* log.hpp in Headers */,
				FB77EABD1E80DA6900C569EF /* Base.h in Headers */,
				FB77EB0E1E80DA6900C569EF /* tprintf.hpp in Headers */,
				FB77EB181E80DA6900C569EF /* Variant.hpp in Headers */,
				FB77EAD11E80DA6900C569EF /* Date.hpp in Headers */,
				FB77EACC1E80DA6900C569EF /* Data.hpp in Headers */,
				FB77EABA1E80DA6900C569EF /* assert in Headers */,
				FB77EB121E80DA6900C569EF /* usings in Headers */,
				FB77EAC61E80DA6900C569EF /* ComparisonResult in Headers */,
				FB77EAE41E80DA6900C569EF /* iterator in Headers */,
				FB77EAB21E80DA6900C569EF /* _float in Headers */,
				FB77EAAF1E80DA6900C569EF /* _double in Headers */,
				FB77EAF61E80DA6900C569EF /* ObjectPrivate.h in Headers */,
				FB77EB061E80DA6900C569EF /* TaggedPointer.h in Headers */,
				FB77EAB81E80DA6900C569EF /* Algorithm.hpp in Headers */,
				FB77EABF1E80DA6900C569EF /* BufferInternal in Headers */,
				FB77EB081E80DA6900C569EF /* TaggedPointer in Headers */,
			);
			runOnlyForDeploymentPostprocessing = 0;
		};
/* End PBXHeadersBuildPhase section */

/* Begin PBXNativeTarget section */
		FB77EA7B1E80DA3C00C569EF /* BaseMac */ = {
			isa = PBXNativeTarget;
			buildConfigurationList = FB77EA831E80DA3C00C569EF /* Build configuration list for PBXNativeTarget "BaseMac" */;
			buildPhases = (
				FB77EA771E80DA3C00C569EF /* Sources */,
				FB77EA781E80DA3C00C569EF /* Frameworks */,
				FB77EA791E80DA3C00C569EF /* Headers */,
				FB77EA7A1E80DA3C00C569EF /* Resources */,
			);
			buildRules = (
			);
			dependencies = (
			);
			name = BaseMac;
			productName = BaseMac;
			productReference = FB77EA7C1E80DA3C00C569EF /* BaseMac.framework */;
			productType = "com.apple.product-type.framework";
		};
		FB9226D21E7BCE7E00128B17 /* Base */ = {
			isa = PBXNativeTarget;
			buildConfigurationList = FB9226E71E7BCE7E00128B17 /* Build configuration list for PBXNativeTarget "Base" */;
			buildPhases = (
				FB9226CE1E7BCE7E00128B17 /* Sources */,
				FB9226CF1E7BCE7E00128B17 /* Frameworks */,
				FB9226D01E7BCE7E00128B17 /* Headers */,
				FB9226D11E7BCE7E00128B17 /* Resources */,
			);
			buildRules = (
			);
			dependencies = (
			);
			name = Base;
			productName = Base;
			productReference = FB9226D31E7BCE7E00128B17 /* Base.framework */;
			productType = "com.apple.product-type.framework";
		};
		FB9226DB1E7BCE7E00128B17 /* BaseTests */ = {
			isa = PBXNativeTarget;
			buildConfigurationList = FB9226EA1E7BCE7E00128B17 /* Build configuration list for PBXNativeTarget "BaseTests" */;
			buildPhases = (
				FB9226D81E7BCE7E00128B17 /* Sources */,
				FB9226D91E7BCE7E00128B17 /* Frameworks */,
				FB9226DA1E7BCE7E00128B17 /* Resources */,
			);
			buildRules = (
			);
			dependencies = (
				FB9226DF1E7BCE7E00128B17 /* PBXTargetDependency */,
			);
			name = BaseTests;
			productName = BaseTests;
			productReference = FB9226DC1E7BCE7E00128B17 /* BaseTests.xctest */;
			productType = "com.apple.product-type.bundle.unit-test";
		};
/* End PBXNativeTarget section */

/* Begin PBXProject section */
		FB9226CA1E7BCE7E00128B17 /* Project object */ = {
			isa = PBXProject;
			attributes = {
				LastUpgradeCheck = 0820;
				ORGANIZATIONNAME = CHE;
				TargetAttributes = {
					FB77EA7B1E80DA3C00C569EF = {
						CreatedOnToolsVersion = 8.2.1;
						DevelopmentTeam = 8652TQR753;
						ProvisioningStyle = Automatic;
					};
					FB9226D21E7BCE7E00128B17 = {
						CreatedOnToolsVersion = 8.2.1;
						DevelopmentTeam = 8652TQR753;
						ProvisioningStyle = Automatic;
					};
					FB9226DB1E7BCE7E00128B17 = {
						CreatedOnToolsVersion = 8.2.1;
						DevelopmentTeam = 8652TQR753;
						ProvisioningStyle = Automatic;
					};
				};
			};
			buildConfigurationList = FB9226CD1E7BCE7E00128B17 /* Build configuration list for PBXProject "Base" */;
			compatibilityVersion = "Xcode 3.2";
			developmentRegion = English;
			hasScannedForEncodings = 0;
			knownRegions = (
				en,
			);
			mainGroup = FB9226C91E7BCE7E00128B17;
			productRefGroup = FB9226D41E7BCE7E00128B17 /* Products */;
			projectDirPath = "";
			projectRoot = "";
			targets = (
				FB9226D21E7BCE7E00128B17 /* Base */,
				FB9226DB1E7BCE7E00128B17 /* BaseTests */,
				FB77EA7B1E80DA3C00C569EF /* BaseMac */,
			);
		};
/* End PBXProject section */

/* Begin PBXResourcesBuildPhase section */
		FB77EA7A1E80DA3C00C569EF /* Resources */ = {
			isa = PBXResourcesBuildPhase;
			buildActionMask = 2147483647;
			files = (
			);
			runOnlyForDeploymentPostprocessing = 0;
		};
		FB9226D11E7BCE7E00128B17 /* Resources */ = {
			isa = PBXResourcesBuildPhase;
			buildActionMask = 2147483647;
			files = (
			);
			runOnlyForDeploymentPostprocessing = 0;
		};
		FB9226DA1E7BCE7E00128B17 /* Resources */ = {
			isa = PBXResourcesBuildPhase;
			buildActionMask = 2147483647;
			files = (
			);
			runOnlyForDeploymentPostprocessing = 0;
		};
/* End PBXResourcesBuildPhase section */

/* Begin PBXSourcesBuildPhase section */
		FB77EA771E80DA3C00C569EF /* Sources */ = {
			isa = PBXSourcesBuildPhase;
			buildActionMask = 2147483647;
			files = (
				FB77EACB1E80DA6900C569EF /* Data.cpp in Sources */,
				FB77EB171E80DA6900C569EF /* Variant.cpp in Sources */,
				FB77EAFB1E80DA6900C569EF /* Range.cpp in Sources */,
				FB77EADC1E80DA6900C569EF /* Exception.cpp in Sources */,
				FB77EAE91E80DA6900C569EF /* log.cpp in Sources */,
				FB77EB0D1E80DA6900C569EF /* tprintf.cpp in Sources */,
				FB77EAD71E80DA6900C569EF /* Error.cpp in Sources */,
				FB77EAEE1E80DA6900C569EF /* Number.cpp in Sources */,
				FB77EAB71E80DA6900C569EF /* Algorithm.cpp in Sources */,
				FB77EAD01E80DA6900C569EF /* Date.cpp in Sources */,
				FB77EB001E80DA6900C569EF /* String.cpp in Sources */,
				FB77EAF31E80DA6900C569EF /* Object.cpp in Sources */,
				FB77EB051E80DA6900C569EF /* TaggedPointer.cpp in Sources */,
			);
			runOnlyForDeploymentPostprocessing = 0;
		};
		FB9226CE1E7BCE7E00128B17 /* Sources */ = {
			isa = PBXSourcesBuildPhase;
			buildActionMask = 2147483647;
			files = (
				FB77EAC91E80DA6900C569EF /* Data.cpp in Sources */,
				FB77EB151E80DA6900C569EF /* Variant.cpp in Sources */,
				FB77EAF91E80DA6900C569EF /* Range.cpp in Sources */,
				FB77EADA1E80DA6900C569EF /* Exception.cpp in Sources */,
				FB77EAE71E80DA6900C569EF /* log.cpp in Sources */,
				FB77EB0B1E80DA6900C569EF /* tprintf.cpp in Sources */,
				FB77EAD51E80DA6900C569EF /* Error.cpp in Sources */,
				FB77EAEC1E80DA6900C569EF /* Number.cpp in Sources */,
				FB77EAB51E80DA6900C569EF /* Algorithm.cpp in Sources */,
				FB77EACE1E80DA6900C569EF /* Date.cpp in Sources */,
				FB77EAFE1E80DA6900C569EF /* String.cpp in Sources */,
				FB77EAF11E80DA6900C569EF /* Object.cpp in Sources */,
				FB77EB031E80DA6900C569EF /* TaggedPointer.cpp in Sources */,
			);
			runOnlyForDeploymentPostprocessing = 0;
		};
		FB9226D81E7BCE7E00128B17 /* Sources */ = {
			isa = PBXSourcesBuildPhase;
			buildActionMask = 2147483647;
			files = (
				FB77EAE81E80DA6900C569EF /* log.cpp in Sources */,
				FB77EB161E80DA6900C569EF /* Variant.cpp in Sources */,
				FB77EAFF1E80DA6900C569EF /* String.cpp in Sources */,
				FB77EB041E80DA6900C569EF /* TaggedPointer.cpp in Sources */,
				FB77EB0C1E80DA6900C569EF /* tprintf.cpp in Sources */,
				FB77EAF21E80DA6900C569EF /* Object.cpp in Sources */,
				FB77EAED1E80DA6900C569EF /* Number.cpp in Sources */,
				FB77EAD61E80DA6900C569EF /* Error.cpp in Sources */,
				FB9226E21E7BCE7E00128B17 /* BaseTests.m in Sources */,
				FB77EAB61E80DA6900C569EF /* Algorithm.cpp in Sources */,
				FB77EACF1E80DA6900C569EF /* Date.cpp in Sources */,
				FB77EADB1E80DA6900C569EF /* Exception.cpp in Sources */,
				FB0D5DDA1E7BE7C3002A8CBC /* BaseTest.mm in Sources */,
				FB77EACA1E80DA6900C569EF /* Data.cpp in Sources */,
				FB77EAFA1E80DA6900C569EF /* Range.cpp in Sources */,
			);
			runOnlyForDeploymentPostprocessing = 0;
		};
/* End PBXSourcesBuildPhase section */

/* Begin PBXTargetDependency section */
		FB9226DF1E7BCE7E00128B17 /* PBXTargetDependency */ = {
			isa = PBXTargetDependency;
			target = FB9226D21E7BCE7E00128B17 /* Base */;
			targetProxy = FB9226DE1E7BCE7E00128B17 /* PBXContainerItemProxy */;
		};
/* End PBXTargetDependency section */

/* Begin XCBuildConfiguration section */
		FB77EA811E80DA3C00C569EF /* Debug */ = {
			isa = XCBuildConfiguration;
			buildSettings = {
				CODE_SIGN_IDENTITY = "";
				COMBINE_HIDPI_IMAGES = YES;
				DEFINES_MODULE = YES;
				DEVELOPMENT_TEAM = 8652TQR753;
				DYLIB_COMPATIBILITY_VERSION = 1;
				DYLIB_CURRENT_VERSION = 1;
				DYLIB_INSTALL_NAME_BASE = "@rpath";
				FRAMEWORK_VERSION = A;
				INFOPLIST_FILE = BaseMac/Info.plist;
				INSTALL_PATH = "$(LOCAL_LIBRARY_DIR)/Frameworks";
				LD_RUNPATH_SEARCH_PATHS = "$(inherited) @executable_path/../Frameworks @loader_path/Frameworks";
				MACOSX_DEPLOYMENT_TARGET = 10.12;
				PRODUCT_BUNDLE_IDENTIFIER = com.hejunqiu.BaseMac;
				PRODUCT_NAME = "$(TARGET_NAME)";
				SDKROOT = macosx;
				SKIP_INSTALL = YES;
			};
			name = Debug;
		};
		FB77EA821E80DA3C00C569EF /* Release */ = {
			isa = XCBuildConfiguration;
			buildSettings = {
				CODE_SIGN_IDENTITY = "";
				COMBINE_HIDPI_IMAGES = YES;
				DEFINES_MODULE = YES;
				DEVELOPMENT_TEAM = 8652TQR753;
				DYLIB_COMPATIBILITY_VERSION = 1;
				DYLIB_CURRENT_VERSION = 1;
				DYLIB_INSTALL_NAME_BASE = "@rpath";
				FRAMEWORK_VERSION = A;
				INFOPLIST_FILE = BaseMac/Info.plist;
				INSTALL_PATH = "$(LOCAL_LIBRARY_DIR)/Frameworks";
				LD_RUNPATH_SEARCH_PATHS = "$(inherited) @executable_path/../Frameworks @loader_path/Frameworks";
				MACOSX_DEPLOYMENT_TARGET = 10.12;
				PRODUCT_BUNDLE_IDENTIFIER = com.hejunqiu.BaseMac;
				PRODUCT_NAME = "$(TARGET_NAME)";
				SDKROOT = macosx;
				SKIP_INSTALL = YES;
			};
			name = Release;
		};
		FB9226E51E7BCE7E00128B17 /* Debug */ = {
			isa = XCBuildConfiguration;
			buildSettings = {
				ALWAYS_SEARCH_USER_PATHS = NO;
				CLANG_ANALYZER_NONNULL = YES;
				CLANG_CXX_LANGUAGE_STANDARD = "gnu++0x";
				CLANG_CXX_LIBRARY = "libc++";
				CLANG_ENABLE_MODULES = YES;
				CLANG_ENABLE_OBJC_ARC = YES;
				CLANG_WARN_BOOL_CONVERSION = YES;
				CLANG_WARN_CONSTANT_CONVERSION = YES;
				CLANG_WARN_DIRECT_OBJC_ISA_USAGE = YES_ERROR;
				CLANG_WARN_DOCUMENTATION_COMMENTS = YES;
				CLANG_WARN_EMPTY_BODY = YES;
				CLANG_WARN_ENUM_CONVERSION = YES;
				CLANG_WARN_INFINITE_RECURSION = YES;
				CLANG_WARN_INT_CONVERSION = YES;
				CLANG_WARN_OBJC_ROOT_CLASS = YES_ERROR;
				CLANG_WARN_SUSPICIOUS_MOVE = YES;
				CLANG_WARN_UNREACHABLE_CODE = YES;
				CLANG_WARN__DUPLICATE_METHOD_MATCH = YES;
				"CODE_SIGN_IDENTITY[sdk=iphoneos*]" = "";
				COPY_PHASE_STRIP = NO;
				CURRENT_PROJECT_VERSION = 1;
				DEBUG_INFORMATION_FORMAT = dwarf;
				ENABLE_STRICT_OBJC_MSGSEND = YES;
				ENABLE_TESTABILITY = YES;
				GCC_C_LANGUAGE_STANDARD = gnu99;
				GCC_DYNAMIC_NO_PIC = NO;
				GCC_NO_COMMON_BLOCKS = YES;
				GCC_OPTIMIZATION_LEVEL = 0;
				GCC_PREPROCESSOR_DEFINITIONS = (
					"DEBUG=1",
					"$(inherited)",
				);
				GCC_WARN_64_TO_32_BIT_CONVERSION = YES;
				GCC_WARN_ABOUT_RETURN_TYPE = YES_ERROR;
				GCC_WARN_UNDECLARED_SELECTOR = YES;
				GCC_WARN_UNINITIALIZED_AUTOS = YES_AGGRESSIVE;
				GCC_WARN_UNUSED_FUNCTION = YES;
				GCC_WARN_UNUSED_VARIABLE = YES;
				IPHONEOS_DEPLOYMENT_TARGET = 10.2;
				MTL_ENABLE_DEBUG_INFO = YES;
				ONLY_ACTIVE_ARCH = YES;
				SDKROOT = iphoneos;
				TARGETED_DEVICE_FAMILY = "1,2";
				VERSIONING_SYSTEM = "apple-generic";
				VERSION_INFO_PREFIX = "";
			};
			name = Debug;
		};
		FB9226E61E7BCE7E00128B17 /* Release */ = {
			isa = XCBuildConfiguration;
			buildSettings = {
				ALWAYS_SEARCH_USER_PATHS = NO;
				CLANG_ANALYZER_NONNULL = YES;
				CLANG_CXX_LANGUAGE_STANDARD = "gnu++0x";
				CLANG_CXX_LIBRARY = "libc++";
				CLANG_ENABLE_MODULES = YES;
				CLANG_ENABLE_OBJC_ARC = YES;
				CLANG_WARN_BOOL_CONVERSION = YES;
				CLANG_WARN_CONSTANT_CONVERSION = YES;
				CLANG_WARN_DIRECT_OBJC_ISA_USAGE = YES_ERROR;
				CLANG_WARN_DOCUMENTATION_COMMENTS = YES;
				CLANG_WARN_EMPTY_BODY = YES;
				CLANG_WARN_ENUM_CONVERSION = YES;
				CLANG_WARN_INFINITE_RECURSION = YES;
				CLANG_WARN_INT_CONVERSION = YES;
				CLANG_WARN_OBJC_ROOT_CLASS = YES_ERROR;
				CLANG_WARN_SUSPICIOUS_MOVE = YES;
				CLANG_WARN_UNREACHABLE_CODE = YES;
				CLANG_WARN__DUPLICATE_METHOD_MATCH = YES;
				"CODE_SIGN_IDENTITY[sdk=iphoneos*]" = "";
				COPY_PHASE_STRIP = NO;
				CURRENT_PROJECT_VERSION = 1;
				DEBUG_INFORMATION_FORMAT = "dwarf-with-dsym";
				ENABLE_NS_ASSERTIONS = NO;
				ENABLE_STRICT_OBJC_MSGSEND = YES;
				GCC_C_LANGUAGE_STANDARD = gnu99;
				GCC_NO_COMMON_BLOCKS = YES;
				GCC_WARN_64_TO_32_BIT_CONVERSION = YES;
				GCC_WARN_ABOUT_RETURN_TYPE = YES_ERROR;
				GCC_WARN_UNDECLARED_SELECTOR = YES;
				GCC_WARN_UNINITIALIZED_AUTOS = YES_AGGRESSIVE;
				GCC_WARN_UNUSED_FUNCTION = YES;
				GCC_WARN_UNUSED_VARIABLE = YES;
				IPHONEOS_DEPLOYMENT_TARGET = 10.2;
				MTL_ENABLE_DEBUG_INFO = NO;
				SDKROOT = iphoneos;
				TARGETED_DEVICE_FAMILY = "1,2";
				VALIDATE_PRODUCT = YES;
				VERSIONING_SYSTEM = "apple-generic";
				VERSION_INFO_PREFIX = "";
			};
			name = Release;
		};
		FB9226E81E7BCE7E00128B17 /* Debug */ = {
			isa = XCBuildConfiguration;
			buildSettings = {
				CODE_SIGN_IDENTITY = "";
				DEFINES_MODULE = YES;
				DEVELOPMENT_TEAM = 8652TQR753;
				DYLIB_COMPATIBILITY_VERSION = 1;
				DYLIB_CURRENT_VERSION = 1;
				DYLIB_INSTALL_NAME_BASE = "@rpath";
				INFOPLIST_FILE = Base/Info.plist;
				INSTALL_PATH = "$(LOCAL_LIBRARY_DIR)/Frameworks";
				LD_RUNPATH_SEARCH_PATHS = "$(inherited) @executable_path/Frameworks @loader_path/Frameworks";
				PRODUCT_BUNDLE_IDENTIFIER = com.hejunqiu.Base;
				PRODUCT_NAME = "$(TARGET_NAME)";
				SKIP_INSTALL = YES;
			};
			name = Debug;
		};
		FB9226E91E7BCE7E00128B17 /* Release */ = {
			isa = XCBuildConfiguration;
			buildSettings = {
				CODE_SIGN_IDENTITY = "";
				DEFINES_MODULE = YES;
				DEVELOPMENT_TEAM = 8652TQR753;
				DYLIB_COMPATIBILITY_VERSION = 1;
				DYLIB_CURRENT_VERSION = 1;
				DYLIB_INSTALL_NAME_BASE = "@rpath";
				INFOPLIST_FILE = Base/Info.plist;
				INSTALL_PATH = "$(LOCAL_LIBRARY_DIR)/Frameworks";
				LD_RUNPATH_SEARCH_PATHS = "$(inherited) @executable_path/Frameworks @loader_path/Frameworks";
				PRODUCT_BUNDLE_IDENTIFIER = com.hejunqiu.Base;
				PRODUCT_NAME = "$(TARGET_NAME)";
				SKIP_INSTALL = YES;
			};
			name = Release;
		};
		FB9226EB1E7BCE7E00128B17 /* Debug */ = {
			isa = XCBuildConfiguration;
			buildSettings = {
				DEVELOPMENT_TEAM = 8652TQR753;
				GCC_PREPROCESSOR_DEFINITIONS = (
					"TEST=1",
					"DEBUG=1",
					"$(inherited)",
				);
				INFOPLIST_FILE = BaseTests/Info.plist;
				LD_RUNPATH_SEARCH_PATHS = "$(inherited) @executable_path/Frameworks @loader_path/Frameworks";
				PRODUCT_BUNDLE_IDENTIFIER = com.hejunqiu.BaseTests;
				PRODUCT_NAME = "$(TARGET_NAME)";
			};
			name = Debug;
		};
		FB9226EC1E7BCE7E00128B17 /* Release */ = {
			isa = XCBuildConfiguration;
			buildSettings = {
				DEVELOPMENT_TEAM = 8652TQR753;
				GCC_PREPROCESSOR_DEFINITIONS = "TEST=1";
				INFOPLIST_FILE = BaseTests/Info.plist;
				LD_RUNPATH_SEARCH_PATHS = "$(inherited) @executable_path/Frameworks @loader_path/Frameworks";
				PRODUCT_BUNDLE_IDENTIFIER = com.hejunqiu.BaseTests;
				PRODUCT_NAME = "$(TARGET_NAME)";
			};
			name = Release;
		};
/* End XCBuildConfiguration section */

/* Begin XCConfigurationList section */
		FB77EA831E80DA3C00C569EF /* Build configuration list for PBXNativeTarget "BaseMac" */ = {
			isa = XCConfigurationList;
			buildConfigurations = (
				FB77EA811E80DA3C00C569EF /* Debug */,
				FB77EA821E80DA3C00C569EF /* Release */,
			);
			defaultConfigurationIsVisible = 0;
			defaultConfigurationName = Release;
		};
		FB9226CD1E7BCE7E00128B17 /* Build configuration list for PBXProject "Base" */ = {
			isa = XCConfigurationList;
			buildConfigurations = (
				FB9226E51E7BCE7E00128B17 /* Debug */,
				FB9226E61E7BCE7E00128B17 /* Release */,
			);
			defaultConfigurationIsVisible = 0;
			defaultConfigurationName = Release;
		};
		FB9226E71E7BCE7E00128B17 /* Build configuration list for PBXNativeTarget "Base" */ = {
			isa = XCConfigurationList;
			buildConfigurations = (
				FB9226E81E7BCE7E00128B17 /* Debug */,
				FB9226E91E7BCE7E00128B17 /* Release */,
			);
			defaultConfigurationIsVisible = 0;
			defaultConfigurationName = Release;
		};
		FB9226EA1E7BCE7E00128B17 /* Build configuration list for PBXNativeTarget "BaseTests" */ = {
			isa = XCConfigurationList;
			buildConfigurations = (
				FB9226EB1E7BCE7E00128B17 /* Debug */,
				FB9226EC1E7BCE7E00128B17 /* Release */,
			);
			defaultConfigurationIsVisible = 0;
			defaultConfigurationName = Release;
		};
/* End XCConfigurationList section */
	};
	rootObject = FB9226CA1E7BCE7E00128B17 /* Project object */;
}
