// !$*UTF8*$!
{
	archiveVersion = 1;
	classes = {
	};
	objectVersion = 46;
	objects = {

/* Begin PBXBuildFile section */
		FB29AF321E92416300A1D955 /* NLDataModel+__InternalDataDefines.h in Headers */ = {isa = PBXBuildFile; fileRef = FB29AF301E92416300A1D955 /* NLDataModel+__InternalDataDefines.h */; };
		FB29AF331E92416300A1D955 /* NLDataModel+__InternalDataDefines.mm in Sources */ = {isa = PBXBuildFile; fileRef = FB29AF311E92416300A1D955 /* NLDataModel+__InternalDataDefines.mm */; };
		FB29AF3F1E9249E700A1D955 /* NLDataModel+DDL.h in Headers */ = {isa = PBXBuildFile; fileRef = FB29AF391E9249E700A1D955 /* NLDataModel+DDL.h */; settings = {ATTRIBUTES = (Public, ); }; };
		FB29AF401E9249E700A1D955 /* NLDataModel+DDL.mm in Sources */ = {isa = PBXBuildFile; fileRef = FB29AF3A1E9249E700A1D955 /* NLDataModel+DDL.mm */; };
		FB29AF411E9249E700A1D955 /* NLDataModel+DML.h in Headers */ = {isa = PBXBuildFile; fileRef = FB29AF3B1E9249E700A1D955 /* NLDataModel+DML.h */; settings = {ATTRIBUTES = (Public, ); }; };
		FB29AF421E9249E700A1D955 /* NLDataModel+DML.mm in Sources */ = {isa = PBXBuildFile; fileRef = FB29AF3C1E9249E700A1D955 /* NLDataModel+DML.mm */; };
		FB29AF431E9249E700A1D955 /* NSArray+NLDataModelDML.h in Headers */ = {isa = PBXBuildFile; fileRef = FB29AF3D1E9249E700A1D955 /* NSArray+NLDataModelDML.h */; settings = {ATTRIBUTES = (Public, ); }; };
		FB29AF441E9249E700A1D955 /* NSArray+NLDataModelDML.mm in Sources */ = {isa = PBXBuildFile; fileRef = FB29AF3E1E9249E700A1D955 /* NSArray+NLDataModelDML.mm */; };
		FB8FAA8E1E8F7EF60049D868 /* CHDBTeacherDataModel.mm in Sources */ = {isa = PBXBuildFile; fileRef = FB8FAA8D1E8F7EF60049D868 /* CHDBTeacherDataModel.mm */; };
		FB8FAA911E8F80D80049D868 /* CHDBCourseDataModel.mm in Sources */ = {isa = PBXBuildFile; fileRef = FB8FAA901E8F80D80049D868 /* CHDBCourseDataModel.mm */; };
		FB8FDBCB1E8264E0007A6228 /* libsqlite3.tbd in Frameworks */ = {isa = PBXBuildFile; fileRef = FB8FDBCA1E8264E0007A6228 /* libsqlite3.tbd */; };
		FB97451F1E8E3AA3001FE67F /* NLDataModel.h in Headers */ = {isa = PBXBuildFile; fileRef = FB9745031E8E3AA3001FE67F /* NLDataModel.h */; settings = {ATTRIBUTES = (Public, ); }; };
		FB9745201E8E3AA3001FE67F /* NLDataModel.mm in Sources */ = {isa = PBXBuildFile; fileRef = FB9745041E8E3AA3001FE67F /* NLDataModel.mm */; };
		FB9745241E8E3AA3001FE67F /* NLDBDataModelDriver.h in Headers */ = {isa = PBXBuildFile; fileRef = FB9745061E8E3AA3001FE67F /* NLDBDataModelDriver.h */; settings = {ATTRIBUTES = (Public, ); }; };
		FB9745251E8E3AA3001FE67F /* NLDBDataModelDriver.mm in Sources */ = {isa = PBXBuildFile; fileRef = FB9745071E8E3AA3001FE67F /* NLDBDataModelDriver.mm */; };
		FB9745281E8E3AA3001FE67F /* NLSqlFunctionPackage.h in Headers */ = {isa = PBXBuildFile; fileRef = FB9745081E8E3AA3001FE67F /* NLSqlFunctionPackage.h */; settings = {ATTRIBUTES = (Public, ); }; };
		FB9745291E8E3AA3001FE67F /* NLSqlFunctionPackage.m in Sources */ = {isa = PBXBuildFile; fileRef = FB9745091E8E3AA3001FE67F /* NLSqlFunctionPackage.m */; };
		FB97452C1E8E3AA3001FE67F /* __NLDBDataModelClassProperty.h in Headers */ = {isa = PBXBuildFile; fileRef = FB97450B1E8E3AA3001FE67F /* __NLDBDataModelClassProperty.h */; };
		FB97452D1E8E3AA3001FE67F /* __NLDBDataModelClassProperty.m in Sources */ = {isa = PBXBuildFile; fileRef = FB97450C1E8E3AA3001FE67F /* __NLDBDataModelClassProperty.m */; };
		FB9745301E8E3AA3001FE67F /* __NLDBModelModel.h in Headers */ = {isa = PBXBuildFile; fileRef = FB97450D1E8E3AA3001FE67F /* __NLDBModelModel.h */; };
		FB9745311E8E3AA3001FE67F /* __NLDBModelModel.mm in Sources */ = {isa = PBXBuildFile; fileRef = FB97450E1E8E3AA3001FE67F /* __NLDBModelModel.mm */; };
		FB9745341E8E3AA3001FE67F /* __NLDBPrimitiveTypeTuple.h in Headers */ = {isa = PBXBuildFile; fileRef = FB97450F1E8E3AA3001FE67F /* __NLDBPrimitiveTypeTuple.h */; };
		FB9745351E8E3AA3001FE67F /* __NLDBPrimitiveTypeTuple.mm in Sources */ = {isa = PBXBuildFile; fileRef = FB9745101E8E3AA3001FE67F /* __NLDBPrimitiveTypeTuple.mm */; };
		FB9745381E8E3AA3001FE67F /* condition.h in Headers */ = {isa = PBXBuildFile; fileRef = FB9745121E8E3AA3001FE67F /* condition.h */; settings = {ATTRIBUTES = (Public, ); }; };
		FB9745391E8E3AA3001FE67F /* condition.mm in Sources */ = {isa = PBXBuildFile; fileRef = FB9745131E8E3AA3001FE67F /* condition.mm */; };
		FB97453C1E8E3AA3001FE67F /* constraints.h in Headers */ = {isa = PBXBuildFile; fileRef = FB9745141E8E3AA3001FE67F /* constraints.h */; settings = {ATTRIBUTES = (Public, ); }; };
		FB97453D1E8E3AA3001FE67F /* constraints.mm in Sources */ = {isa = PBXBuildFile; fileRef = FB9745151E8E3AA3001FE67F /* constraints.mm */; };
		FB9745401E8E3AA3001FE67F /* __SqlDDL.h in Headers */ = {isa = PBXBuildFile; fileRef = FB9745171E8E3AA3001FE67F /* __SqlDDL.h */; };
		FB9745411E8E3AA3001FE67F /* __SqlDDL.mm in Sources */ = {isa = PBXBuildFile; fileRef = FB9745181E8E3AA3001FE67F /* __SqlDDL.mm */; };
		FB9745441E8E3AA3001FE67F /* SqlBuildBase.h in Headers */ = {isa = PBXBuildFile; fileRef = FB9745191E8E3AA3001FE67F /* SqlBuildBase.h */; settings = {ATTRIBUTES = (Public, ); }; };
		FB9745451E8E3AA3001FE67F /* SqlBuildBase.mm in Sources */ = {isa = PBXBuildFile; fileRef = FB97451A1E8E3AA3001FE67F /* SqlBuildBase.mm */; };
		FBA86F561E91F2E700C1F364 /* __NLDBDatabasePackage.h in Headers */ = {isa = PBXBuildFile; fileRef = FBA86F541E91F2E700C1F364 /* __NLDBDatabasePackage.h */; };
		FBA86F571E91F2E700C1F364 /* __NLDBDatabasePackage.mm in Sources */ = {isa = PBXBuildFile; fileRef = FBA86F551E91F2E700C1F364 /* __NLDBDatabasePackage.mm */; };
		FBC5406C1E8E5D580092886D /* NLDB.h in Headers */ = {isa = PBXBuildFile; fileRef = FB9745051E8E3AA3001FE67F /* NLDB.h */; settings = {ATTRIBUTES = (Public, ); }; };
		FBC540E11E8E6F650092886D /* FMDB.framework in Frameworks */ = {isa = PBXBuildFile; fileRef = FBC540E01E8E6F650092886D /* FMDB.framework */; };
		FBC541341E8E7BDA0092886D /* NLDBTests.mm in Sources */ = {isa = PBXBuildFile; fileRef = FBC541331E8E7BDA0092886D /* NLDBTests.mm */; };
		FBC541361E8E7BDA0092886D /* NLDB.framework in Frameworks */ = {isa = PBXBuildFile; fileRef = FB0712351E81206B00F4B16C /* NLDB.framework */; };
		FBC5413D1E8E7C370092886D /* FMDB.framework in Frameworks */ = {isa = PBXBuildFile; fileRef = FBC5413C1E8E7C370092886D /* FMDB.framework */; };
		FBC541401E8E84B50092886D /* nldb.mm in Sources */ = {isa = PBXBuildFile; fileRef = FBC5413E1E8E84B50092886D /* nldb.mm */; };
		FBC541421E8E84B50092886D /* nldb.hpp in Headers */ = {isa = PBXBuildFile; fileRef = FBC5413F1E8E84B50092886D /* nldb.hpp */; settings = {ATTRIBUTES = (Public, ); }; };
/* End PBXBuildFile section */

/* Begin PBXContainerItemProxy section */
		FBC541371E8E7BDA0092886D /* PBXContainerItemProxy */ = {
			isa = PBXContainerItemProxy;
			containerPortal = FB07122C1E81206B00F4B16C /* Project object */;
			proxyType = 1;
			remoteGlobalIDString = FB0712341E81206B00F4B16C;
			remoteInfo = NLDB;
		};
/* End PBXContainerItemProxy section */

/* Begin PBXFileReference section */
		FB0712351E81206B00F4B16C /* NLDB.framework */ = {isa = PBXFileReference; explicitFileType = wrapper.framework; includeInIndex = 0; path = NLDB.framework; sourceTree = BUILT_PRODUCTS_DIR; };
		FB0712391E81206B00F4B16C /* Info.plist */ = {isa = PBXFileReference; lastKnownFileType = text.plist.xml; path = Info.plist; sourceTree = "<group>"; };
		FB29AF301E92416300A1D955 /* NLDataModel+__InternalDataDefines.h */ = {isa = PBXFileReference; fileEncoding = 4; lastKnownFileType = sourcecode.c.h; path = "NLDataModel+__InternalDataDefines.h"; sourceTree = "<group>"; };
		FB29AF311E92416300A1D955 /* NLDataModel+__InternalDataDefines.mm */ = {isa = PBXFileReference; fileEncoding = 4; lastKnownFileType = sourcecode.cpp.objcpp; path = "NLDataModel+__InternalDataDefines.mm"; sourceTree = "<group>"; };
		FB29AF391E9249E700A1D955 /* NLDataModel+DDL.h */ = {isa = PBXFileReference; fileEncoding = 4; lastKnownFileType = sourcecode.c.h; path = "NLDataModel+DDL.h"; sourceTree = "<group>"; };
		FB29AF3A1E9249E700A1D955 /* NLDataModel+DDL.mm */ = {isa = PBXFileReference; fileEncoding = 4; lastKnownFileType = sourcecode.cpp.objcpp; path = "NLDataModel+DDL.mm"; sourceTree = "<group>"; };
		FB29AF3B1E9249E700A1D955 /* NLDataModel+DML.h */ = {isa = PBXFileReference; fileEncoding = 4; lastKnownFileType = sourcecode.c.h; path = "NLDataModel+DML.h"; sourceTree = "<group>"; };
		FB29AF3C1E9249E700A1D955 /* NLDataModel+DML.mm */ = {isa = PBXFileReference; fileEncoding = 4; lastKnownFileType = sourcecode.cpp.objcpp; path = "NLDataModel+DML.mm"; sourceTree = "<group>"; };
		FB29AF3D1E9249E700A1D955 /* NSArray+NLDataModelDML.h */ = {isa = PBXFileReference; fileEncoding = 4; lastKnownFileType = sourcecode.c.h; path = "NSArray+NLDataModelDML.h"; sourceTree = "<group>"; };
		FB29AF3E1E9249E700A1D955 /* NSArray+NLDataModelDML.mm */ = {isa = PBXFileReference; fileEncoding = 4; lastKnownFileType = sourcecode.cpp.objcpp; path = "NSArray+NLDataModelDML.mm"; sourceTree = "<group>"; };
		FB5933681E8126D6002482DF /* libsqlite3.tbd */ = {isa = PBXFileReference; lastKnownFileType = "sourcecode.text-based-dylib-definition"; name = libsqlite3.tbd; path = Platforms/MacOSX.platform/Developer/SDKs/MacOSX10.12.sdk/usr/lib/libsqlite3.tbd; sourceTree = DEVELOPER_DIR; };
		FB8FAA8C1E8F7EF60049D868 /* CHDBTeacherDataModel.h */ = {isa = PBXFileReference; fileEncoding = 4; lastKnownFileType = sourcecode.c.h; path = CHDBTeacherDataModel.h; sourceTree = "<group>"; };
		FB8FAA8D1E8F7EF60049D868 /* CHDBTeacherDataModel.mm */ = {isa = PBXFileReference; fileEncoding = 4; lastKnownFileType = sourcecode.cpp.objcpp; path = CHDBTeacherDataModel.mm; sourceTree = "<group>"; };
		FB8FAA8F1E8F80D80049D868 /* CHDBCourseDataModel.h */ = {isa = PBXFileReference; fileEncoding = 4; lastKnownFileType = sourcecode.c.h; path = CHDBCourseDataModel.h; sourceTree = "<group>"; };
		FB8FAA901E8F80D80049D868 /* CHDBCourseDataModel.mm */ = {isa = PBXFileReference; fileEncoding = 4; lastKnownFileType = sourcecode.cpp.objcpp; path = CHDBCourseDataModel.mm; sourceTree = "<group>"; };
		FB8FDBCA1E8264E0007A6228 /* libsqlite3.tbd */ = {isa = PBXFileReference; lastKnownFileType = "sourcecode.text-based-dylib-definition"; name = libsqlite3.tbd; path = usr/lib/libsqlite3.tbd; sourceTree = SDKROOT; };
		FB9745031E8E3AA3001FE67F /* NLDataModel.h */ = {isa = PBXFileReference; fileEncoding = 4; lastKnownFileType = sourcecode.c.h; path = NLDataModel.h; sourceTree = "<group>"; };
		FB9745041E8E3AA3001FE67F /* NLDataModel.mm */ = {isa = PBXFileReference; fileEncoding = 4; lastKnownFileType = sourcecode.cpp.objcpp; path = NLDataModel.mm; sourceTree = "<group>"; };
		FB9745051E8E3AA3001FE67F /* NLDB.h */ = {isa = PBXFileReference; fileEncoding = 4; lastKnownFileType = sourcecode.c.h; path = NLDB.h; sourceTree = "<group>"; };
		FB9745061E8E3AA3001FE67F /* NLDBDataModelDriver.h */ = {isa = PBXFileReference; fileEncoding = 4; lastKnownFileType = sourcecode.c.h; path = NLDBDataModelDriver.h; sourceTree = "<group>"; };
		FB9745071E8E3AA3001FE67F /* NLDBDataModelDriver.mm */ = {isa = PBXFileReference; fileEncoding = 4; lastKnownFileType = sourcecode.cpp.objcpp; path = NLDBDataModelDriver.mm; sourceTree = "<group>"; };
		FB9745081E8E3AA3001FE67F /* NLSqlFunctionPackage.h */ = {isa = PBXFileReference; fileEncoding = 4; lastKnownFileType = sourcecode.c.h; path = NLSqlFunctionPackage.h; sourceTree = "<group>"; };
		FB9745091E8E3AA3001FE67F /* NLSqlFunctionPackage.m */ = {isa = PBXFileReference; fileEncoding = 4; lastKnownFileType = sourcecode.c.objc; path = NLSqlFunctionPackage.m; sourceTree = "<group>"; };
		FB97450B1E8E3AA3001FE67F /* __NLDBDataModelClassProperty.h */ = {isa = PBXFileReference; fileEncoding = 4; lastKnownFileType = sourcecode.c.h; path = __NLDBDataModelClassProperty.h; sourceTree = "<group>"; };
		FB97450C1E8E3AA3001FE67F /* __NLDBDataModelClassProperty.m */ = {isa = PBXFileReference; fileEncoding = 4; lastKnownFileType = sourcecode.c.objc; path = __NLDBDataModelClassProperty.m; sourceTree = "<group>"; };
		FB97450D1E8E3AA3001FE67F /* __NLDBModelModel.h */ = {isa = PBXFileReference; fileEncoding = 4; lastKnownFileType = sourcecode.c.h; path = __NLDBModelModel.h; sourceTree = "<group>"; };
		FB97450E1E8E3AA3001FE67F /* __NLDBModelModel.mm */ = {isa = PBXFileReference; fileEncoding = 4; lastKnownFileType = sourcecode.cpp.objcpp; path = __NLDBModelModel.mm; sourceTree = "<group>"; };
		FB97450F1E8E3AA3001FE67F /* __NLDBPrimitiveTypeTuple.h */ = {isa = PBXFileReference; fileEncoding = 4; lastKnownFileType = sourcecode.c.h; path = __NLDBPrimitiveTypeTuple.h; sourceTree = "<group>"; };
		FB9745101E8E3AA3001FE67F /* __NLDBPrimitiveTypeTuple.mm */ = {isa = PBXFileReference; fileEncoding = 4; lastKnownFileType = sourcecode.cpp.objcpp; path = __NLDBPrimitiveTypeTuple.mm; sourceTree = "<group>"; };
		FB9745121E8E3AA3001FE67F /* condition.h */ = {isa = PBXFileReference; fileEncoding = 4; lastKnownFileType = sourcecode.c.h; path = condition.h; sourceTree = "<group>"; };
		FB9745131E8E3AA3001FE67F /* condition.mm */ = {isa = PBXFileReference; fileEncoding = 4; lastKnownFileType = sourcecode.cpp.objcpp; path = condition.mm; sourceTree = "<group>"; };
		FB9745141E8E3AA3001FE67F /* constraints.h */ = {isa = PBXFileReference; fileEncoding = 4; lastKnownFileType = sourcecode.c.h; path = constraints.h; sourceTree = "<group>"; };
		FB9745151E8E3AA3001FE67F /* constraints.mm */ = {isa = PBXFileReference; fileEncoding = 4; lastKnownFileType = sourcecode.cpp.objcpp; path = constraints.mm; sourceTree = "<group>"; };
		FB9745171E8E3AA3001FE67F /* __SqlDDL.h */ = {isa = PBXFileReference; fileEncoding = 4; lastKnownFileType = sourcecode.c.h; path = __SqlDDL.h; sourceTree = "<group>"; };
		FB9745181E8E3AA3001FE67F /* __SqlDDL.mm */ = {isa = PBXFileReference; fileEncoding = 4; lastKnownFileType = sourcecode.cpp.objcpp; path = __SqlDDL.mm; sourceTree = "<group>"; };
		FB9745191E8E3AA3001FE67F /* SqlBuildBase.h */ = {isa = PBXFileReference; fileEncoding = 4; lastKnownFileType = sourcecode.c.h; path = SqlBuildBase.h; sourceTree = "<group>"; };
		FB97451A1E8E3AA3001FE67F /* SqlBuildBase.mm */ = {isa = PBXFileReference; fileEncoding = 4; lastKnownFileType = sourcecode.cpp.objcpp; path = SqlBuildBase.mm; sourceTree = "<group>"; };
		FBA86F541E91F2E700C1F364 /* __NLDBDatabasePackage.h */ = {isa = PBXFileReference; fileEncoding = 4; lastKnownFileType = sourcecode.c.h; path = __NLDBDatabasePackage.h; sourceTree = "<group>"; };
		FBA86F551E91F2E700C1F364 /* __NLDBDatabasePackage.mm */ = {isa = PBXFileReference; fileEncoding = 4; lastKnownFileType = sourcecode.cpp.objcpp; path = __NLDBDatabasePackage.mm; sourceTree = "<group>"; };
		FBC540E01E8E6F650092886D /* FMDB.framework */ = {isa = PBXFileReference; lastKnownFileType = wrapper.framework; name = FMDB.framework; path = "../ThirdParty/build/Debug-iphoneos/FMDB.framework"; sourceTree = "<group>"; };
		FBC541071E8E74090092886D /* FMDB_Mac.framework */ = {isa = PBXFileReference; lastKnownFileType = wrapper.framework; name = FMDB_Mac.framework; path = "../ThirdParty/build/Debug-iphoneos/FMDB_Mac.framework"; sourceTree = "<group>"; };
		FBC541311E8E7BDA0092886D /* NLDBTests.xctest */ = {isa = PBXFileReference; explicitFileType = wrapper.cfbundle; includeInIndex = 0; path = NLDBTests.xctest; sourceTree = BUILT_PRODUCTS_DIR; };
		FBC541331E8E7BDA0092886D /* NLDBTests.mm */ = {isa = PBXFileReference; lastKnownFileType = sourcecode.cpp.objcpp; path = NLDBTests.mm; sourceTree = "<group>"; };
		FBC541351E8E7BDA0092886D /* Info.plist */ = {isa = PBXFileReference; lastKnownFileType = text.plist.xml; path = Info.plist; sourceTree = "<group>"; };
		FBC5413C1E8E7C370092886D /* FMDB.framework */ = {isa = PBXFileReference; lastKnownFileType = wrapper.framework; name = FMDB.framework; path = "../../../Library/Developer/Xcode/DerivedData/nightlight-dftdiqmqmbbgaweswrlohfqjnrdw/Build/Products/Debug-iphonesimulator/FMDB.framework"; sourceTree = "<group>"; };
		FBC5413E1E8E84B50092886D /* nldb.mm */ = {isa = PBXFileReference; fileEncoding = 4; lastKnownFileType = sourcecode.cpp.objcpp; path = nldb.mm; sourceTree = "<group>"; };
		FBC5413F1E8E84B50092886D /* nldb.hpp */ = {isa = PBXFileReference; explicitFileType = sourcecode.cpp.h; fileEncoding = 4; path = nldb.hpp; sourceTree = "<group>"; };
/* End PBXFileReference section */

/* Begin PBXFrameworksBuildPhase section */
		FB0712311E81206B00F4B16C /* Frameworks */ = {
			isa = PBXFrameworksBuildPhase;
			buildActionMask = 2147483647;
			files = (
				FBC540E11E8E6F650092886D /* FMDB.framework in Frameworks */,
				FB8FDBCB1E8264E0007A6228 /* libsqlite3.tbd in Frameworks */,
			);
			runOnlyForDeploymentPostprocessing = 0;
		};
		FBC5412E1E8E7BDA0092886D /* Frameworks */ = {
			isa = PBXFrameworksBuildPhase;
			buildActionMask = 2147483647;
			files = (
				FBC5413D1E8E7C370092886D /* FMDB.framework in Frameworks */,
				FBC541361E8E7BDA0092886D /* NLDB.framework in Frameworks */,
			);
			runOnlyForDeploymentPostprocessing = 0;
		};
/* End PBXFrameworksBuildPhase section */

/* Begin PBXGroup section */
		FB07122B1E81206B00F4B16C = {
			isa = PBXGroup;
			children = (
				FB0712371E81206B00F4B16C /* NLDB */,
				FBC541321E8E7BDA0092886D /* NLDBTests */,
				FB0712361E81206B00F4B16C /* Products */,
				FB5933671E8126D6002482DF /* Frameworks */,
			);
			sourceTree = "<group>";
		};
		FB0712361E81206B00F4B16C /* Products */ = {
			isa = PBXGroup;
			children = (
				FB0712351E81206B00F4B16C /* NLDB.framework */,
				FBC541311E8E7BDA0092886D /* NLDBTests.xctest */,
			);
			name = Products;
			sourceTree = "<group>";
		};
		FB0712371E81206B00F4B16C /* NLDB */ = {
			isa = PBXGroup;
			children = (
				FBC5413F1E8E84B50092886D /* nldb.hpp */,
				FBC5413E1E8E84B50092886D /* nldb.mm */,
				FB29AF381E9249E700A1D955 /* category */,
				FB97450A1E8E3AA3001FE67F /* private */,
				FB9745031E8E3AA3001FE67F /* NLDataModel.h */,
				FB9745041E8E3AA3001FE67F /* NLDataModel.mm */,
				FB9745051E8E3AA3001FE67F /* NLDB.h */,
				FB9745061E8E3AA3001FE67F /* NLDBDataModelDriver.h */,
				FB9745071E8E3AA3001FE67F /* NLDBDataModelDriver.mm */,
				FB9745081E8E3AA3001FE67F /* NLSqlFunctionPackage.h */,
				FB9745091E8E3AA3001FE67F /* NLSqlFunctionPackage.m */,
				FB9745111E8E3AA3001FE67F /* sqlBuild */,
				FB0712391E81206B00F4B16C /* Info.plist */,
			);
			path = NLDB;
			sourceTree = "<group>";
		};
		FB29AF381E9249E700A1D955 /* category */ = {
			isa = PBXGroup;
			children = (
				FB29AF391E9249E700A1D955 /* NLDataModel+DDL.h */,
				FB29AF3A1E9249E700A1D955 /* NLDataModel+DDL.mm */,
				FB29AF3B1E9249E700A1D955 /* NLDataModel+DML.h */,
				FB29AF3C1E9249E700A1D955 /* NLDataModel+DML.mm */,
				FB29AF3D1E9249E700A1D955 /* NSArray+NLDataModelDML.h */,
				FB29AF3E1E9249E700A1D955 /* NSArray+NLDataModelDML.mm */,
			);
			path = category;
			sourceTree = "<group>";
		};
		FB5933671E8126D6002482DF /* Frameworks */ = {
			isa = PBXGroup;
			children = (
				FBC5413C1E8E7C370092886D /* FMDB.framework */,
				FBC541071E8E74090092886D /* FMDB_Mac.framework */,
				FBC540E01E8E6F650092886D /* FMDB.framework */,
				FB8FDBCA1E8264E0007A6228 /* libsqlite3.tbd */,
				FB5933681E8126D6002482DF /* libsqlite3.tbd */,
			);
			name = Frameworks;
			sourceTree = "<group>";
		};
		FB97450A1E8E3AA3001FE67F /* private */ = {
			isa = PBXGroup;
			children = (
				FB97450B1E8E3AA3001FE67F /* __NLDBDataModelClassProperty.h */,
				FB97450C1E8E3AA3001FE67F /* __NLDBDataModelClassProperty.m */,
				FB97450D1E8E3AA3001FE67F /* __NLDBModelModel.h */,
				FB97450E1E8E3AA3001FE67F /* __NLDBModelModel.mm */,
				FB97450F1E8E3AA3001FE67F /* __NLDBPrimitiveTypeTuple.h */,
				FB9745101E8E3AA3001FE67F /* __NLDBPrimitiveTypeTuple.mm */,
				FBA86F541E91F2E700C1F364 /* __NLDBDatabasePackage.h */,
				FBA86F551E91F2E700C1F364 /* __NLDBDatabasePackage.mm */,
				FB29AF301E92416300A1D955 /* NLDataModel+__InternalDataDefines.h */,
				FB29AF311E92416300A1D955 /* NLDataModel+__InternalDataDefines.mm */,
			);
			path = private;
			sourceTree = "<group>";
		};
		FB9745111E8E3AA3001FE67F /* sqlBuild */ = {
			isa = PBXGroup;
			children = (
				FB9745161E8E3AA3001FE67F /* private */,
				FB9745121E8E3AA3001FE67F /* condition.h */,
				FB9745131E8E3AA3001FE67F /* condition.mm */,
				FB9745141E8E3AA3001FE67F /* constraints.h */,
				FB9745151E8E3AA3001FE67F /* constraints.mm */,
				FB9745191E8E3AA3001FE67F /* SqlBuildBase.h */,
				FB97451A1E8E3AA3001FE67F /* SqlBuildBase.mm */,
			);
			path = sqlBuild;
			sourceTree = "<group>";
		};
		FB9745161E8E3AA3001FE67F /* private */ = {
			isa = PBXGroup;
			children = (
				FB9745171E8E3AA3001FE67F /* __SqlDDL.h */,
				FB9745181E8E3AA3001FE67F /* __SqlDDL.mm */,
			);
			path = private;
			sourceTree = "<group>";
		};
		FBC541321E8E7BDA0092886D /* NLDBTests */ = {
			isa = PBXGroup;
			children = (
				FBC541331E8E7BDA0092886D /* NLDBTests.mm */,
				FBC541351E8E7BDA0092886D /* Info.plist */,
				FB8FAA8C1E8F7EF60049D868 /* CHDBTeacherDataModel.h */,
				FB8FAA8D1E8F7EF60049D868 /* CHDBTeacherDataModel.mm */,
				FB8FAA8F1E8F80D80049D868 /* CHDBCourseDataModel.h */,
				FB8FAA901E8F80D80049D868 /* CHDBCourseDataModel.mm */,
			);
			path = NLDBTests;
			sourceTree = "<group>";
		};
/* End PBXGroup section */

/* Begin PBXHeadersBuildPhase section */
		FB0712321E81206B00F4B16C /* Headers */ = {
			isa = PBXHeadersBuildPhase;
			buildActionMask = 2147483647;
			files = (
				FB29AF321E92416300A1D955 /* NLDataModel+__InternalDataDefines.h in Headers */,
				FBC5406C1E8E5D580092886D /* NLDB.h in Headers */,
				FB9745401E8E3AA3001FE67F /* __SqlDDL.h in Headers */,
				FB97453C1E8E3AA3001FE67F /* constraints.h in Headers */,
				FBC541421E8E84B50092886D /* nldb.hpp in Headers */,
				FB97451F1E8E3AA3001FE67F /* NLDataModel.h in Headers */,
				FB9745341E8E3AA3001FE67F /* __NLDBPrimitiveTypeTuple.h in Headers */,
				FB29AF431E9249E700A1D955 /* NSArray+NLDataModelDML.h in Headers */,
				FB29AF411E9249E700A1D955 /* NLDataModel+DML.h in Headers */,
				FB29AF3F1E9249E700A1D955 /* NLDataModel+DDL.h in Headers */,
				FB9745301E8E3AA3001FE67F /* __NLDBModelModel.h in Headers */,
				FBA86F561E91F2E700C1F364 /* __NLDBDatabasePackage.h in Headers */,
				FB97452C1E8E3AA3001FE67F /* __NLDBDataModelClassProperty.h in Headers */,
				FB9745381E8E3AA3001FE67F /* condition.h in Headers */,
				FB9745441E8E3AA3001FE67F /* SqlBuildBase.h in Headers */,
				FB9745281E8E3AA3001FE67F /* NLSqlFunctionPackage.h in Headers */,
				FB9745241E8E3AA3001FE67F /* NLDBDataModelDriver.h in Headers */,
			);
			runOnlyForDeploymentPostprocessing = 0;
		};
/* End PBXHeadersBuildPhase section */

/* Begin PBXNativeTarget section */
		FB0712341E81206B00F4B16C /* NLDB */ = {
			isa = PBXNativeTarget;
			buildConfigurationList = FB07123D1E81206B00F4B16C /* Build configuration list for PBXNativeTarget "NLDB" */;
			buildPhases = (
				FB0712301E81206B00F4B16C /* Sources */,
				FB0712311E81206B00F4B16C /* Frameworks */,
				FB0712321E81206B00F4B16C /* Headers */,
				FB0712331E81206B00F4B16C /* Resources */,
			);
			buildRules = (
			);
			dependencies = (
			);
			name = NLDB;
			productName = NLDB;
			productReference = FB0712351E81206B00F4B16C /* NLDB.framework */;
			productType = "com.apple.product-type.framework";
		};
		FBC541301E8E7BDA0092886D /* NLDBTests */ = {
			isa = PBXNativeTarget;
			buildConfigurationList = FBC541391E8E7BDA0092886D /* Build configuration list for PBXNativeTarget "NLDBTests" */;
			buildPhases = (
				FBC5412D1E8E7BDA0092886D /* Sources */,
				FBC5412E1E8E7BDA0092886D /* Frameworks */,
				FBC5412F1E8E7BDA0092886D /* Resources */,
			);
			buildRules = (
			);
			dependencies = (
				FBC541381E8E7BDA0092886D /* PBXTargetDependency */,
			);
			name = NLDBTests;
			productName = NLDBTests;
			productReference = FBC541311E8E7BDA0092886D /* NLDBTests.xctest */;
			productType = "com.apple.product-type.bundle.unit-test";
		};
/* End PBXNativeTarget section */

/* Begin PBXProject section */
		FB07122C1E81206B00F4B16C /* Project object */ = {
			isa = PBXProject;
			attributes = {
				LastUpgradeCheck = 0820;
				ORGANIZATIONNAME = CHE;
				TargetAttributes = {
					FB0712341E81206B00F4B16C = {
						CreatedOnToolsVersion = 8.2.1;
						DevelopmentTeam = 8652TQR753;
						ProvisioningStyle = Automatic;
					};
					FBC541301E8E7BDA0092886D = {
						CreatedOnToolsVersion = 8.3;
						DevelopmentTeam = 8652TQR753;
						ProvisioningStyle = Automatic;
					};
				};
			};
			buildConfigurationList = FB07122F1E81206B00F4B16C /* Build configuration list for PBXProject "NLDB" */;
			compatibilityVersion = "Xcode 3.2";
			developmentRegion = English;
			hasScannedForEncodings = 0;
			knownRegions = (
				en,
			);
			mainGroup = FB07122B1E81206B00F4B16C;
			productRefGroup = FB0712361E81206B00F4B16C /* Products */;
			projectDirPath = "";
			projectRoot = "";
			targets = (
				FB0712341E81206B00F4B16C /* NLDB */,
				FBC541301E8E7BDA0092886D /* NLDBTests */,
			);
		};
/* End PBXProject section */

/* Begin PBXResourcesBuildPhase section */
		FB0712331E81206B00F4B16C /* Resources */ = {
			isa = PBXResourcesBuildPhase;
			buildActionMask = 2147483647;
			files = (
			);
			runOnlyForDeploymentPostprocessing = 0;
		};
		FBC5412F1E8E7BDA0092886D /* Resources */ = {
			isa = PBXResourcesBuildPhase;
			buildActionMask = 2147483647;
			files = (
			);
			runOnlyForDeploymentPostprocessing = 0;
		};
/* End PBXResourcesBuildPhase section */

/* Begin PBXSourcesBuildPhase section */
		FB0712301E81206B00F4B16C /* Sources */ = {
			isa = PBXSourcesBuildPhase;
			buildActionMask = 2147483647;
			files = (
				FB9745291E8E3AA3001FE67F /* NLSqlFunctionPackage.m in Sources */,
				FB97452D1E8E3AA3001FE67F /* __NLDBDataModelClassProperty.m in Sources */,
				FB9745451E8E3AA3001FE67F /* SqlBuildBase.mm in Sources */,
				FB9745311E8E3AA3001FE67F /* __NLDBModelModel.mm in Sources */,
				FB9745411E8E3AA3001FE67F /* __SqlDDL.mm in Sources */,
				FBC541401E8E84B50092886D /* nldb.mm in Sources */,
				FBA86F571E91F2E700C1F364 /* __NLDBDatabasePackage.mm in Sources */,
				FB29AF331E92416300A1D955 /* NLDataModel+__InternalDataDefines.mm in Sources */,
				FB9745391E8E3AA3001FE67F /* condition.mm in Sources */,
				FB29AF421E9249E700A1D955 /* NLDataModel+DML.mm in Sources */,
				FB9745201E8E3AA3001FE67F /* NLDataModel.mm in Sources */,
				FB29AF441E9249E700A1D955 /* NSArray+NLDataModelDML.mm in Sources */,
				FB9745351E8E3AA3001FE67F /* __NLDBPrimitiveTypeTuple.mm in Sources */,
				FB97453D1E8E3AA3001FE67F /* constraints.mm in Sources */,
				FB9745251E8E3AA3001FE67F /* NLDBDataModelDriver.mm in Sources */,
				FB29AF401E9249E700A1D955 /* NLDataModel+DDL.mm in Sources */,
			);
			runOnlyForDeploymentPostprocessing = 0;
		};
		FBC5412D1E8E7BDA0092886D /* Sources */ = {
			isa = PBXSourcesBuildPhase;
			buildActionMask = 2147483647;
			files = (
				FB8FAA8E1E8F7EF60049D868 /* CHDBTeacherDataModel.mm in Sources */,
				FB8FAA911E8F80D80049D868 /* CHDBCourseDataModel.mm in Sources */,
				FBC541341E8E7BDA0092886D /* NLDBTests.mm in Sources */,
			);
			runOnlyForDeploymentPostprocessing = 0;
		};
/* End PBXSourcesBuildPhase section */

/* Begin PBXTargetDependency section */
		FBC541381E8E7BDA0092886D /* PBXTargetDependency */ = {
			isa = PBXTargetDependency;
			target = FB0712341E81206B00F4B16C /* NLDB */;
			targetProxy = FBC541371E8E7BDA0092886D /* PBXContainerItemProxy */;
		};
/* End PBXTargetDependency section */

/* Begin XCBuildConfiguration section */
		FB07123B1E81206B00F4B16C /* Debug */ = {
			isa = XCBuildConfiguration;
			buildSettings = {
				ALWAYS_SEARCH_USER_PATHS = NO;
				CLANG_ANALYZER_NONNULL = YES;
				CLANG_CXX_LANGUAGE_STANDARD = "gnu++0x";
				CLANG_CXX_LIBRARY = "libc++";
				CLANG_ENABLE_MODULES = YES;
				CLANG_ENABLE_OBJC_ARC = YES;
				CLANG_WARN_BOOL_CONVERSION = YES;
				CLANG_WARN_CONSTANT_CONVERSION = YES;
				CLANG_WARN_DIRECT_OBJC_ISA_USAGE = YES_ERROR;
				CLANG_WARN_DOCUMENTATION_COMMENTS = YES;
				CLANG_WARN_EMPTY_BODY = YES;
				CLANG_WARN_ENUM_CONVERSION = YES;
				CLANG_WARN_INFINITE_RECURSION = YES;
				CLANG_WARN_INT_CONVERSION = YES;
				CLANG_WARN_OBJC_ROOT_CLASS = YES_ERROR;
				CLANG_WARN_SUSPICIOUS_MOVE = YES;
				CLANG_WARN_UNREACHABLE_CODE = YES;
				CLANG_WARN__DUPLICATE_METHOD_MATCH = YES;
				"CODE_SIGN_IDENTITY[sdk=iphoneos*]" = "iPhone Developer";
				COPY_PHASE_STRIP = NO;
				CURRENT_PROJECT_VERSION = 1;
				DEBUG_INFORMATION_FORMAT = dwarf;
				ENABLE_STRICT_OBJC_MSGSEND = YES;
				ENABLE_TESTABILITY = YES;
				GCC_C_LANGUAGE_STANDARD = gnu99;
				GCC_DYNAMIC_NO_PIC = NO;
				GCC_NO_COMMON_BLOCKS = YES;
				GCC_OPTIMIZATION_LEVEL = 0;
				GCC_PREPROCESSOR_DEFINITIONS = (
					"DEBUG=1",
					"$(inherited)",
				);
				GCC_WARN_64_TO_32_BIT_CONVERSION = YES;
				GCC_WARN_ABOUT_RETURN_TYPE = YES_ERROR;
				GCC_WARN_UNDECLARED_SELECTOR = YES;
				GCC_WARN_UNINITIALIZED_AUTOS = YES_AGGRESSIVE;
				GCC_WARN_UNUSED_FUNCTION = YES;
				GCC_WARN_UNUSED_VARIABLE = YES;
				IPHONEOS_DEPLOYMENT_TARGET = 8.0;
				MTL_ENABLE_DEBUG_INFO = YES;
				ONLY_ACTIVE_ARCH = YES;
				SDKROOT = iphoneos;
				TARGETED_DEVICE_FAMILY = "1,2";
				VERSIONING_SYSTEM = "apple-generic";
				VERSION_INFO_PREFIX = "";
			};
			name = Debug;
		};
		FB07123C1E81206B00F4B16C /* Release */ = {
			isa = XCBuildConfiguration;
			buildSettings = {
				ALWAYS_SEARCH_USER_PATHS = NO;
				CLANG_ANALYZER_NONNULL = YES;
				CLANG_CXX_LANGUAGE_STANDARD = "gnu++0x";
				CLANG_CXX_LIBRARY = "libc++";
				CLANG_ENABLE_MODULES = YES;
				CLANG_ENABLE_OBJC_ARC = YES;
				CLANG_WARN_BOOL_CONVERSION = YES;
				CLANG_WARN_CONSTANT_CONVERSION = YES;
				CLANG_WARN_DIRECT_OBJC_ISA_USAGE = YES_ERROR;
				CLANG_WARN_DOCUMENTATION_COMMENTS = YES;
				CLANG_WARN_EMPTY_BODY = YES;
				CLANG_WARN_ENUM_CONVERSION = YES;
				CLANG_WARN_INFINITE_RECURSION = YES;
				CLANG_WARN_INT_CONVERSION = YES;
				CLANG_WARN_OBJC_ROOT_CLASS = YES_ERROR;
				CLANG_WARN_SUSPICIOUS_MOVE = YES;
				CLANG_WARN_UNREACHABLE_CODE = YES;
				CLANG_WARN__DUPLICATE_METHOD_MATCH = YES;
				"CODE_SIGN_IDENTITY[sdk=iphoneos*]" = "iPhone Developer";
				COPY_PHASE_STRIP = NO;
				CURRENT_PROJECT_VERSION = 1;
				DEBUG_INFORMATION_FORMAT = "dwarf-with-dsym";
				ENABLE_NS_ASSERTIONS = NO;
				ENABLE_STRICT_OBJC_MSGSEND = YES;
				GCC_C_LANGUAGE_STANDARD = gnu99;
				GCC_NO_COMMON_BLOCKS = YES;
				GCC_WARN_64_TO_32_BIT_CONVERSION = YES;
				GCC_WARN_ABOUT_RETURN_TYPE = YES_ERROR;
				GCC_WARN_UNDECLARED_SELECTOR = YES;
				GCC_WARN_UNINITIALIZED_AUTOS = YES_AGGRESSIVE;
				GCC_WARN_UNUSED_FUNCTION = YES;
				GCC_WARN_UNUSED_VARIABLE = YES;
				IPHONEOS_DEPLOYMENT_TARGET = 8.0;
				MTL_ENABLE_DEBUG_INFO = NO;
				SDKROOT = iphoneos;
				TARGETED_DEVICE_FAMILY = "1,2";
				VALIDATE_PRODUCT = YES;
				VERSIONING_SYSTEM = "apple-generic";
				VERSION_INFO_PREFIX = "";
			};
			name = Release;
		};
		FB07123E1E81206B00F4B16C /* Debug */ = {
			isa = XCBuildConfiguration;
			buildSettings = {
				CODE_SIGN_IDENTITY = "";
				DEFINES_MODULE = YES;
				DEVELOPMENT_TEAM = 8652TQR753;
				DYLIB_COMPATIBILITY_VERSION = 1;
				DYLIB_CURRENT_VERSION = 1;
				DYLIB_INSTALL_NAME_BASE = "@rpath";
				INFOPLIST_FILE = NLDB/Info.plist;
				INSTALL_PATH = "$(LOCAL_LIBRARY_DIR)/Frameworks";
				LD_RUNPATH_SEARCH_PATHS = "$(inherited) @executable_path/Frameworks @loader_path/Frameworks";
				PRODUCT_BUNDLE_IDENTIFIER = com.hejunqiu.NLDB;
				PRODUCT_NAME = "$(TARGET_NAME)";
				SKIP_INSTALL = YES;
			};
			name = Debug;
		};
		FB07123F1E81206B00F4B16C /* Release */ = {
			isa = XCBuildConfiguration;
			buildSettings = {
				CODE_SIGN_IDENTITY = "";
				DEFINES_MODULE = YES;
				DEVELOPMENT_TEAM = 8652TQR753;
				DYLIB_COMPATIBILITY_VERSION = 1;
				DYLIB_CURRENT_VERSION = 1;
				DYLIB_INSTALL_NAME_BASE = "@rpath";
				INFOPLIST_FILE = NLDB/Info.plist;
				INSTALL_PATH = "$(LOCAL_LIBRARY_DIR)/Frameworks";
				LD_RUNPATH_SEARCH_PATHS = "$(inherited) @executable_path/Frameworks @loader_path/Frameworks";
				PRODUCT_BUNDLE_IDENTIFIER = com.hejunqiu.NLDB;
				PRODUCT_NAME = "$(TARGET_NAME)";
				SKIP_INSTALL = YES;
			};
			name = Release;
		};
		FBC5413A1E8E7BDA0092886D /* Debug */ = {
			isa = XCBuildConfiguration;
			buildSettings = {
				CLANG_ANALYZER_NUMBER_OBJECT_CONVERSION = YES_AGGRESSIVE;
				DEVELOPMENT_TEAM = 8652TQR753;
				INFOPLIST_FILE = NLDBTests/Info.plist;
				IPHONEOS_DEPLOYMENT_TARGET = 10.3;
				LD_RUNPATH_SEARCH_PATHS = "$(inherited) @executable_path/Frameworks @loader_path/Frameworks";
				PRODUCT_BUNDLE_IDENTIFIER = com.hejunqiu.NLDBTests;
				PRODUCT_NAME = "$(TARGET_NAME)";
			};
			name = Debug;
		};
		FBC5413B1E8E7BDA0092886D /* Release */ = {
			isa = XCBuildConfiguration;
			buildSettings = {
				CLANG_ANALYZER_NUMBER_OBJECT_CONVERSION = YES_AGGRESSIVE;
				DEVELOPMENT_TEAM = 8652TQR753;
				INFOPLIST_FILE = NLDBTests/Info.plist;
				IPHONEOS_DEPLOYMENT_TARGET = 10.3;
				LD_RUNPATH_SEARCH_PATHS = "$(inherited) @executable_path/Frameworks @loader_path/Frameworks";
				PRODUCT_BUNDLE_IDENTIFIER = com.hejunqiu.NLDBTests;
				PRODUCT_NAME = "$(TARGET_NAME)";
			};
			name = Release;
		};
/* End XCBuildConfiguration section */

/* Begin XCConfigurationList section */
		FB07122F1E81206B00F4B16C /* Build configuration list for PBXProject "NLDB" */ = {
			isa = XCConfigurationList;
			buildConfigurations = (
				FB07123B1E81206B00F4B16C /* Debug */,
				FB07123C1E81206B00F4B16C /* Release */,
			);
			defaultConfigurationIsVisible = 0;
			defaultConfigurationName = Release;
		};
		FB07123D1E81206B00F4B16C /* Build configuration list for PBXNativeTarget "NLDB" */ = {
			isa = XCConfigurationList;
			buildConfigurations = (
				FB07123E1E81206B00F4B16C /* Debug */,
				FB07123F1E81206B00F4B16C /* Release */,
			);
			defaultConfigurationIsVisible = 0;
			defaultConfigurationName = Release;
		};
		FBC541391E8E7BDA0092886D /* Build configuration list for PBXNativeTarget "NLDBTests" */ = {
			isa = XCConfigurationList;
			buildConfigurations = (
				FBC5413A1E8E7BDA0092886D /* Debug */,
				FBC5413B1E8E7BDA0092886D /* Release */,
			);
			defaultConfigurationIsVisible = 0;
			defaultConfigurationName = Release;
		};
/* End XCConfigurationList section */
	};
	rootObject = FB07122C1E81206B00F4B16C /* Project object */;
}
