// !$*UTF8*$!
{
	archiveVersion = 1;
	classes = {
	};
	objectVersion = 46;
	objects = {

/* Begin PBXBuildFile section */
		FB0711C41E80F81E00F4B16C /* Base.framework in Frameworks */ = {isa = PBXBuildFile; fileRef = FB9EDF451E7FA36300B437CA /* Base.framework */; };
		FB0711C91E80FAFA00F4B16C /* HeaderBridge.h in Headers */ = {isa = PBXBuildFile; fileRef = FB0711C81E80FAFA00F4B16C /* HeaderBridge.h */; };
		FB0711D51E80FE7200F4B16C /* main.cpp in Sources */ = {isa = PBXBuildFile; fileRef = FB0711D41E80FE7200F4B16C /* main.cpp */; };
		FB0711DB1E80FEB300F4B16C /* BaseMac.framework in Frameworks */ = {isa = PBXBuildFile; fileRef = FB0711CC1E80FB8E00F4B16C /* BaseMac.framework */; };
		FB0711DE1E80FF5000F4B16C /* WordsImageConvertor.cpp in Sources */ = {isa = PBXBuildFile; fileRef = FB93EEEE1E7FCE76003762FD /* WordsImageConvertor.cpp */; };
		FB93EE5B1E7FC788003762FD /* WordsImageConvertor.hpp in Headers */ = {isa = PBXBuildFile; fileRef = FB93EE561E7FC788003762FD /* WordsImageConvertor.hpp */; settings = {ATTRIBUTES = (Public, ); }; };
		FB93EEEF1E7FCE76003762FD /* WordsImageConvertor.cpp in Sources */ = {isa = PBXBuildFile; fileRef = FB93EEEE1E7FCE76003762FD /* WordsImageConvertor.cpp */; };
		FB9EDF221E7FA15C00B437CA /* WordsToImage.h in Headers */ = {isa = PBXBuildFile; fileRef = FB9EDF141E7FA15C00B437CA /* WordsToImage.h */; settings = {ATTRIBUTES = (Public, ); }; };
		FB9EDF481E7FA3A700B437CA /* BMPFileHeader.h in Headers */ = {isa = PBXBuildFile; fileRef = FB9EDF471E7FA3A700B437CA /* BMPFileHeader.h */; };
		FB9EDF4A1E7FA3D000B437CA /* BMPInfoHeader.h in Headers */ = {isa = PBXBuildFile; fileRef = FB9EDF491E7FA3D000B437CA /* BMPInfoHeader.h */; };
/* End PBXBuildFile section */

/* Begin PBXCopyFilesBuildPhase section */
		FB0711D01E80FE7200F4B16C /* CopyFiles */ = {
			isa = PBXCopyFilesBuildPhase;
			buildActionMask = 2147483647;
			dstPath = /usr/share/man/man1/;
			dstSubfolderSpec = 0;
			files = (
			);
			runOnlyForDeploymentPostprocessing = 1;
		};
/* End PBXCopyFilesBuildPhase section */

/* Begin PBXFileReference section */
		FB0711C81E80FAFA00F4B16C /* HeaderBridge.h */ = {isa = PBXFileReference; fileEncoding = 4; lastKnownFileType = sourcecode.c.h; path = HeaderBridge.h; sourceTree = "<group>"; };
		FB0711CC1E80FB8E00F4B16C /* BaseMac.framework */ = {isa = PBXFileReference; lastKnownFileType = wrapper.framework; name = BaseMac.framework; path = "../../../Library/Developer/Xcode/DerivedData/nightlight-dftdiqmqmbbgaweswrlohfqjnrdw/Build/Products/Debug/BaseMac.framework"; sourceTree = "<group>"; };
		FB0711D21E80FE7200F4B16C /* WordsToImageMac */ = {isa = PBXFileReference; explicitFileType = "compiled.mach-o.executable"; includeInIndex = 0; path = WordsToImageMac; sourceTree = BUILT_PRODUCTS_DIR; };
		FB0711D41E80FE7200F4B16C /* main.cpp */ = {isa = PBXFileReference; lastKnownFileType = sourcecode.cpp.cpp; path = main.cpp; sourceTree = "<group>"; };
		FB0711DF1E8103FF00F4B16C /* Base */ = {isa = PBXFileReference; lastKnownFileType = folder; name = Base; path = ../../Base/Base; sourceTree = "<group>"; };
		FB0711E31E81056700F4B16C /* _double */ = {isa = PBXFileReference; lastKnownFileType = text; path = _double; sourceTree = "<group>"; };
		FB0711E41E81056700F4B16C /* _float */ = {isa = PBXFileReference; lastKnownFileType = text; path = _float; sourceTree = "<group>"; };
		FB0711E51E81056700F4B16C /* Algorithm.cpp */ = {isa = PBXFileReference; lastKnownFileType = sourcecode.cpp.cpp; path = Algorithm.cpp; sourceTree = "<group>"; };
		FB0711E61E81056700F4B16C /* Algorithm.hpp */ = {isa = PBXFileReference; lastKnownFileType = sourcecode.cpp.h; path = Algorithm.hpp; sourceTree = "<group>"; };
		FB0711E71E81056700F4B16C /* assert */ = {isa = PBXFileReference; lastKnownFileType = text; path = assert; sourceTree = "<group>"; };
		FB0711E81E81056700F4B16C /* Base.h */ = {isa = PBXFileReference; lastKnownFileType = sourcecode.c.h; path = Base.h; sourceTree = "<group>"; };
		FB0711E91E81056700F4B16C /* BufferInternal */ = {isa = PBXFileReference; lastKnownFileType = text; path = BufferInternal; sourceTree = "<group>"; };
		FB0711EA1E81056700F4B16C /* ComparisonResult */ = {isa = PBXFileReference; lastKnownFileType = text; path = ComparisonResult; sourceTree = "<group>"; };
		FB0711EB1E81056700F4B16C /* Data.cpp */ = {isa = PBXFileReference; lastKnownFileType = sourcecode.cpp.cpp; path = Data.cpp; sourceTree = "<group>"; };
		FB0711EC1E81056700F4B16C /* Data.hpp */ = {isa = PBXFileReference; lastKnownFileType = sourcecode.cpp.h; path = Data.hpp; sourceTree = "<group>"; };
		FB0711ED1E81056700F4B16C /* Date.cpp */ = {isa = PBXFileReference; lastKnownFileType = sourcecode.cpp.cpp; path = Date.cpp; sourceTree = "<group>"; };
		FB0711EE1E81056700F4B16C /* Date.hpp */ = {isa = PBXFileReference; lastKnownFileType = sourcecode.cpp.h; path = Date.hpp; sourceTree = "<group>"; };
		FB0711EF1E81056700F4B16C /* defines */ = {isa = PBXFileReference; lastKnownFileType = text; path = defines; sourceTree = "<group>"; };
		FB0711F01E81056700F4B16C /* Error.cpp */ = {isa = PBXFileReference; lastKnownFileType = sourcecode.cpp.cpp; path = Error.cpp; sourceTree = "<group>"; };
		FB0711F11E81056700F4B16C /* Error.hpp */ = {isa = PBXFileReference; lastKnownFileType = sourcecode.cpp.h; path = Error.hpp; sourceTree = "<group>"; };
		FB0711F21E81056700F4B16C /* Exception.cpp */ = {isa = PBXFileReference; lastKnownFileType = sourcecode.cpp.cpp; path = Exception.cpp; sourceTree = "<group>"; };
		FB0711F31E81056700F4B16C /* Exception.hpp */ = {isa = PBXFileReference; lastKnownFileType = sourcecode.cpp.h; path = Exception.hpp; sourceTree = "<group>"; };
		FB0711F41E81056700F4B16C /* global.h */ = {isa = PBXFileReference; lastKnownFileType = sourcecode.c.h; path = global.h; sourceTree = "<group>"; };
		FB0711F51E81056700F4B16C /* Info.plist */ = {isa = PBXFileReference; lastKnownFileType = text.plist.xml; path = Info.plist; sourceTree = "<group>"; };
		FB0711F61E81056700F4B16C /* iterator */ = {isa = PBXFileReference; lastKnownFileType = text; path = iterator; sourceTree = "<group>"; };
		FB0711F71E81056700F4B16C /* log.cpp */ = {isa = PBXFileReference; lastKnownFileType = sourcecode.cpp.cpp; path = log.cpp; sourceTree = "<group>"; };
		FB0711F81E81056700F4B16C /* log.hpp */ = {isa = PBXFileReference; lastKnownFileType = sourcecode.cpp.h; path = log.hpp; sourceTree = "<group>"; };
		FB0711F91E81056700F4B16C /* Number.cpp */ = {isa = PBXFileReference; lastKnownFileType = sourcecode.cpp.cpp; path = Number.cpp; sourceTree = "<group>"; };
		FB0711FA1E81056700F4B16C /* Number.hpp */ = {isa = PBXFileReference; lastKnownFileType = sourcecode.cpp.h; path = Number.hpp; sourceTree = "<group>"; };
		FB0711FB1E81056700F4B16C /* Object.cpp */ = {isa = PBXFileReference; lastKnownFileType = sourcecode.cpp.cpp; path = Object.cpp; sourceTree = "<group>"; };
		FB0711FC1E81056700F4B16C /* Object.hpp */ = {isa = PBXFileReference; lastKnownFileType = sourcecode.cpp.h; path = Object.hpp; sourceTree = "<group>"; };
		FB0711FD1E81056700F4B16C /* ObjectPrivate.h */ = {isa = PBXFileReference; lastKnownFileType = sourcecode.c.h; path = ObjectPrivate.h; sourceTree = "<group>"; };
		FB0711FE1E81056700F4B16C /* Range.cpp */ = {isa = PBXFileReference; lastKnownFileType = sourcecode.cpp.cpp; path = Range.cpp; sourceTree = "<group>"; };
		FB0711FF1E81056700F4B16C /* Range.hpp */ = {isa = PBXFileReference; lastKnownFileType = sourcecode.cpp.h; path = Range.hpp; sourceTree = "<group>"; };
		FB0712001E81056700F4B16C /* String.cpp */ = {isa = PBXFileReference; lastKnownFileType = sourcecode.cpp.cpp; path = String.cpp; sourceTree = "<group>"; };
		FB0712011E81056700F4B16C /* String.hpp */ = {isa = PBXFileReference; lastKnownFileType = sourcecode.cpp.h; path = String.hpp; sourceTree = "<group>"; };
		FB0712021E81056700F4B16C /* TaggedPointer */ = {isa = PBXFileReference; lastKnownFileType = text; path = TaggedPointer; sourceTree = "<group>"; };
		FB0712031E81056700F4B16C /* TaggedPointer.cpp */ = {isa = PBXFileReference; lastKnownFileType = sourcecode.cpp.cpp; path = TaggedPointer.cpp; sourceTree = "<group>"; };
		FB0712041E81056700F4B16C /* TaggedPointer.h */ = {isa = PBXFileReference; lastKnownFileType = sourcecode.c.h; path = TaggedPointer.h; sourceTree = "<group>"; };
		FB0712051E81056700F4B16C /* tprintf.cpp */ = {isa = PBXFileReference; lastKnownFileType = sourcecode.cpp.cpp; path = tprintf.cpp; sourceTree = "<group>"; };
		FB0712061E81056700F4B16C /* tprintf.hpp */ = {isa = PBXFileReference; lastKnownFileType = sourcecode.cpp.h; path = tprintf.hpp; sourceTree = "<group>"; };
		FB0712071E81056700F4B16C /* types.h */ = {isa = PBXFileReference; lastKnownFileType = sourcecode.c.h; path = types.h; sourceTree = "<group>"; };
		FB0712081E81056700F4B16C /* usings */ = {isa = PBXFileReference; lastKnownFileType = text; path = usings; sourceTree = "<group>"; };
		FB0712091E81056700F4B16C /* Variant.cpp */ = {isa = PBXFileReference; lastKnownFileType = sourcecode.cpp.cpp; path = Variant.cpp; sourceTree = "<group>"; };
		FB07120A1E81056700F4B16C /* Variant.hpp */ = {isa = PBXFileReference; lastKnownFileType = sourcecode.cpp.h; path = Variant.hpp; sourceTree = "<group>"; };
		FB93EE561E7FC788003762FD /* WordsImageConvertor.hpp */ = {isa = PBXFileReference; fileEncoding = 4; lastKnownFileType = sourcecode.cpp.h; path = WordsImageConvertor.hpp; sourceTree = "<group>"; };
		FB93EE5C1E7FCA70003762FD /* _type.h */ = {isa = PBXFileReference; lastKnownFileType = sourcecode.c.h; path = _type.h; sourceTree = "<group>"; };
		FB93EEEE1E7FCE76003762FD /* WordsImageConvertor.cpp */ = {isa = PBXFileReference; fileEncoding = 4; lastKnownFileType = sourcecode.cpp.cpp; path = WordsImageConvertor.cpp; sourceTree = "<group>"; };
		FB9EDF111E7FA15C00B437CA /* WordsToImage.framework */ = {isa = PBXFileReference; explicitFileType = wrapper.framework; includeInIndex = 0; path = WordsToImage.framework; sourceTree = BUILT_PRODUCTS_DIR; };
		FB9EDF141E7FA15C00B437CA /* WordsToImage.h */ = {isa = PBXFileReference; lastKnownFileType = sourcecode.c.h; path = WordsToImage.h; sourceTree = "<group>"; };
		FB9EDF151E7FA15C00B437CA /* Info.plist */ = {isa = PBXFileReference; lastKnownFileType = text.plist.xml; path = Info.plist; sourceTree = "<group>"; };
		FB9EDF451E7FA36300B437CA /* Base.framework */ = {isa = PBXFileReference; lastKnownFileType = wrapper.framework; name = Base.framework; path = "../../../Library/Developer/Xcode/DerivedData/nightlight-dftdiqmqmbbgaweswrlohfqjnrdw/Build/Products/Debug-iphonesimulator/Base.framework"; sourceTree = "<group>"; };
		FB9EDF471E7FA3A700B437CA /* BMPFileHeader.h */ = {isa = PBXFileReference; fileEncoding = 4; lastKnownFileType = sourcecode.c.h; path = BMPFileHeader.h; sourceTree = "<group>"; };
		FB9EDF491E7FA3D000B437CA /* BMPInfoHeader.h */ = {isa = PBXFileReference; fileEncoding = 4; lastKnownFileType = sourcecode.c.h; path = BMPInfoHeader.h; sourceTree = "<group>"; };
/* End PBXFileReference section */

/* Begin PBXFrameworksBuildPhase section */
		FB0711CF1E80FE7200F4B16C /* Frameworks */ = {
			isa = PBXFrameworksBuildPhase;
			buildActionMask = 2147483647;
			files = (
				FB0711DB1E80FEB300F4B16C /* BaseMac.framework in Frameworks */,
			);
			runOnlyForDeploymentPostprocessing = 0;
		};
		FB9EDF0D1E7FA15C00B437CA /* Frameworks */ = {
			isa = PBXFrameworksBuildPhase;
			buildActionMask = 2147483647;
			files = (
				FB0711C41E80F81E00F4B16C /* Base.framework in Frameworks */,
			);
			runOnlyForDeploymentPostprocessing = 0;
		};
/* End PBXFrameworksBuildPhase section */

/* Begin PBXGroup section */
		FB0711D31E80FE7200F4B16C /* WordsToImageMac */ = {
			isa = PBXGroup;
			children = (
				FB0711E21E81056700F4B16C /* Base */,
				FB0711D41E80FE7200F4B16C /* main.cpp */,
			);
			path = WordsToImageMac;
			sourceTree = "<group>";
		};
		FB0711E21E81056700F4B16C /* Base */ = {
			isa = PBXGroup;
			children = (
				FB0711E31E81056700F4B16C /* _double */,
				FB0711E41E81056700F4B16C /* _float */,
				FB0711E51E81056700F4B16C /* Algorithm.cpp */,
				FB0711E61E81056700F4B16C /* Algorithm.hpp */,
				FB0711E71E81056700F4B16C /* assert */,
				FB0711E81E81056700F4B16C /* Base.h */,
				FB0711E91E81056700F4B16C /* BufferInternal */,
				FB0711EA1E81056700F4B16C /* ComparisonResult */,
				FB0711EB1E81056700F4B16C /* Data.cpp */,
				FB0711EC1E81056700F4B16C /* Data.hpp */,
				FB0711ED1E81056700F4B16C /* Date.cpp */,
				FB0711EE1E81056700F4B16C /* Date.hpp */,
				FB0711EF1E81056700F4B16C /* defines */,
				FB0711F01E81056700F4B16C /* Error.cpp */,
				FB0711F11E81056700F4B16C /* Error.hpp */,
				FB0711F21E81056700F4B16C /* Exception.cpp */,
				FB0711F31E81056700F4B16C /* Exception.hpp */,
				FB0711F41E81056700F4B16C /* global.h */,
				FB0711F51E81056700F4B16C /* Info.plist */,
				FB0711F61E81056700F4B16C /* iterator */,
				FB0711F71E81056700F4B16C /* log.cpp */,
				FB0711F81E81056700F4B16C /* log.hpp */,
				FB0711F91E81056700F4B16C /* Number.cpp */,
				FB0711FA1E81056700F4B16C /* Number.hpp */,
				FB0711FB1E81056700F4B16C /* Object.cpp */,
				FB0711FC1E81056700F4B16C /* Object.hpp */,
				FB0711FD1E81056700F4B16C /* ObjectPrivate.h */,
				FB0711FE1E81056700F4B16C /* Range.cpp */,
				FB0711FF1E81056700F4B16C /* Range.hpp */,
				FB0712001E81056700F4B16C /* String.cpp */,
				FB0712011E81056700F4B16C /* String.hpp */,
				FB0712021E81056700F4B16C /* TaggedPointer */,
				FB0712031E81056700F4B16C /* TaggedPointer.cpp */,
				FB0712041E81056700F4B16C /* TaggedPointer.h */,
				FB0712051E81056700F4B16C /* tprintf.cpp */,
				FB0712061E81056700F4B16C /* tprintf.hpp */,
				FB0712071E81056700F4B16C /* types.h */,
				FB0712081E81056700F4B16C /* usings */,
				FB0712091E81056700F4B16C /* Variant.cpp */,
				FB07120A1E81056700F4B16C /* Variant.hpp */,
			);
			path = Base;
			sourceTree = "<group>";
		};
		FB9EDF071E7FA15C00B437CA = {
			isa = PBXGroup;
			children = (
				FB9EDF131E7FA15C00B437CA /* WordsToImage */,
				FB0711D31E80FE7200F4B16C /* WordsToImageMac */,
				FB9EDF121E7FA15C00B437CA /* Products */,
				FB9EDF441E7FA36300B437CA /* Frameworks */,
			);
			sourceTree = "<group>";
		};
		FB9EDF121E7FA15C00B437CA /* Products */ = {
			isa = PBXGroup;
			children = (
				FB9EDF111E7FA15C00B437CA /* WordsToImage.framework */,
				FB0711D21E80FE7200F4B16C /* WordsToImageMac */,
			);
			name = Products;
			sourceTree = "<group>";
		};
		FB9EDF131E7FA15C00B437CA /* WordsToImage */ = {
			isa = PBXGroup;
			children = (
				FB0711DF1E8103FF00F4B16C /* Base */,
				FB9EDF141E7FA15C00B437CA /* WordsToImage.h */,
				FB9EDF151E7FA15C00B437CA /* Info.plist */,
				FB9EDF471E7FA3A700B437CA /* BMPFileHeader.h */,
				FB9EDF491E7FA3D000B437CA /* BMPInfoHeader.h */,
				FB93EEEE1E7FCE76003762FD /* WordsImageConvertor.cpp */,
				FB93EE561E7FC788003762FD /* WordsImageConvertor.hpp */,
				FB93EE5C1E7FCA70003762FD /* _type.h */,
				FB0711C81E80FAFA00F4B16C /* HeaderBridge.h */,
			);
			path = WordsToImage;
			sourceTree = "<group>";
		};
		FB9EDF441E7FA36300B437CA /* Frameworks */ = {
			isa = PBXGroup;
			children = (
				FB0711CC1E80FB8E00F4B16C /* BaseMac.framework */,
				FB9EDF451E7FA36300B437CA /* Base.framework */,
			);
			name = Frameworks;
			sourceTree = "<group>";
		};
/* End PBXGroup section */

/* Begin PBXHeadersBuildPhase section */
		FB9EDF0E1E7FA15C00B437CA /* Headers */ = {
			isa = PBXHeadersBuildPhase;
			buildActionMask = 2147483647;
			files = (
				FB9EDF481E7FA3A700B437CA /* BMPFileHeader.h in Headers */,
				FB0711C91E80FAFA00F4B16C /* HeaderBridge.h in Headers */,
				FB93EE5B1E7FC788003762FD /* WordsImageConvertor.hpp in Headers */,
				FB9EDF221E7FA15C00B437CA /* WordsToImage.h in Headers */,
				FB9EDF4A1E7FA3D000B437CA /* BMPInfoHeader.h in Headers */,
			);
			runOnlyForDeploymentPostprocessing = 0;
		};
/* End PBXHeadersBuildPhase section */

/* Begin PBXNativeTarget section */
		FB0711D11E80FE7200F4B16C /* WordsToImageMac */ = {
			isa = PBXNativeTarget;
			buildConfigurationList = FB0711D61E80FE7200F4B16C /* Build configuration list for PBXNativeTarget "WordsToImageMac" */;
			buildPhases = (
				FB0711CE1E80FE7200F4B16C /* Sources */,
				FB0711CF1E80FE7200F4B16C /* Frameworks */,
				FB0711D01E80FE7200F4B16C /* CopyFiles */,
			);
			buildRules = (
			);
			dependencies = (
			);
			name = WordsToImageMac;
			productName = WordsToImageMac;
			productReference = FB0711D21E80FE7200F4B16C /* WordsToImageMac */;
			productType = "com.apple.product-type.tool";
		};
		FB9EDF101E7FA15C00B437CA /* WordsToImage */ = {
			isa = PBXNativeTarget;
			buildConfigurationList = FB9EDF251E7FA15C00B437CA /* Build configuration list for PBXNativeTarget "WordsToImage" */;
			buildPhases = (
				FB9EDF0C1E7FA15C00B437CA /* Sources */,
				FB9EDF0D1E7FA15C00B437CA /* Frameworks */,
				FB9EDF0E1E7FA15C00B437CA /* Headers */,
				FB9EDF0F1E7FA15C00B437CA /* Resources */,
			);
			buildRules = (
			);
			dependencies = (
			);
			name = WordsToImage;
			productName = WordsToImage;
			productReference = FB9EDF111E7FA15C00B437CA /* WordsToImage.framework */;
			productType = "com.apple.product-type.framework";
		};
/* End PBXNativeTarget section */

/* Begin PBXProject section */
		FB9EDF081E7FA15C00B437CA /* Project object */ = {
			isa = PBXProject;
			attributes = {
				LastUpgradeCheck = 0820;
				ORGANIZATIONNAME = CHE;
				TargetAttributes = {
					FB0711D11E80FE7200F4B16C = {
						CreatedOnToolsVersion = 8.2.1;
						DevelopmentTeam = 8652TQR753;
						ProvisioningStyle = Automatic;
					};
					FB9EDF101E7FA15C00B437CA = {
						CreatedOnToolsVersion = 8.2.1;
						DevelopmentTeam = 8652TQR753;
						ProvisioningStyle = Automatic;
					};
				};
			};
			buildConfigurationList = FB9EDF0B1E7FA15C00B437CA /* Build configuration list for PBXProject "WordsToImage" */;
			compatibilityVersion = "Xcode 3.2";
			developmentRegion = English;
			hasScannedForEncodings = 0;
			knownRegions = (
				en,
			);
			mainGroup = FB9EDF071E7FA15C00B437CA;
			productRefGroup = FB9EDF121E7FA15C00B437CA /* Products */;
			projectDirPath = "";
			projectRoot = "";
			targets = (
				FB9EDF101E7FA15C00B437CA /* WordsToImage */,
				FB0711D11E80FE7200F4B16C /* WordsToImageMac */,
			);
		};
/* End PBXProject section */

/* Begin PBXResourcesBuildPhase section */
		FB9EDF0F1E7FA15C00B437CA /* Resources */ = {
			isa = PBXResourcesBuildPhase;
			buildActionMask = 2147483647;
			files = (
			);
			runOnlyForDeploymentPostprocessing = 0;
		};
/* End PBXResourcesBuildPhase section */

/* Begin PBXSourcesBuildPhase section */
		FB0711CE1E80FE7200F4B16C /* Sources */ = {
			isa = PBXSourcesBuildPhase;
			buildActionMask = 2147483647;
			files = (
				FB0711DE1E80FF5000F4B16C /* WordsImageConvertor.cpp in Sources */,
				FB0711D51E80FE7200F4B16C /* main.cpp in Sources */,
			);
			runOnlyForDeploymentPostprocessing = 0;
		};
		FB9EDF0C1E7FA15C00B437CA /* Sources */ = {
			isa = PBXSourcesBuildPhase;
			buildActionMask = 2147483647;
			files = (
				FB93EEEF1E7FCE76003762FD /* WordsImageConvertor.cpp in Sources */,
			);
			runOnlyForDeploymentPostprocessing = 0;
		};
/* End PBXSourcesBuildPhase section */

/* Begin XCBuildConfiguration section */
		FB0711D71E80FE7200F4B16C /* Debug */ = {
			isa = XCBuildConfiguration;
			buildSettings = {
				CLANG_CXX_LANGUAGE_STANDARD = "gnu++0x";
				CODE_SIGN_IDENTITY = "-";
				DEVELOPMENT_TEAM = 8652TQR753;
				MACOSX_DEPLOYMENT_TARGET = 10.12;
				PRODUCT_NAME = "$(TARGET_NAME)";
				SDKROOT = macosx;
			};
			name = Debug;
		};
		FB0711D81E80FE7200F4B16C /* Release */ = {
			isa = XCBuildConfiguration;
			buildSettings = {
				CLANG_CXX_LANGUAGE_STANDARD = "gnu++0x";
				CODE_SIGN_IDENTITY = "-";
				DEVELOPMENT_TEAM = 8652TQR753;
				MACOSX_DEPLOYMENT_TARGET = 10.12;
				PRODUCT_NAME = "$(TARGET_NAME)";
				SDKROOT = macosx;
			};
			name = Release;
		};
		FB9EDF231E7FA15C00B437CA /* Debug */ = {
			isa = XCBuildConfiguration;
			buildSettings = {
				ALWAYS_SEARCH_USER_PATHS = NO;
				CLANG_ANALYZER_NONNULL = YES;
				CLANG_CXX_LANGUAGE_STANDARD = "gnu++14";
				CLANG_CXX_LIBRARY = "libc++";
				CLANG_ENABLE_MODULES = YES;
				CLANG_ENABLE_OBJC_ARC = YES;
				CLANG_WARN_BOOL_CONVERSION = YES;
				CLANG_WARN_CONSTANT_CONVERSION = YES;
				CLANG_WARN_DIRECT_OBJC_ISA_USAGE = YES_ERROR;
				CLANG_WARN_DOCUMENTATION_COMMENTS = YES;
				CLANG_WARN_EMPTY_BODY = YES;
				CLANG_WARN_ENUM_CONVERSION = YES;
				CLANG_WARN_INFINITE_RECURSION = YES;
				CLANG_WARN_INT_CONVERSION = YES;
				CLANG_WARN_OBJC_ROOT_CLASS = YES_ERROR;
				CLANG_WARN_SUSPICIOUS_MOVE = YES;
				CLANG_WARN_UNREACHABLE_CODE = YES;
				CLANG_WARN__DUPLICATE_METHOD_MATCH = YES;
				"CODE_SIGN_IDENTITY[sdk=iphoneos*]" = "iPhone Developer";
				COPY_PHASE_STRIP = NO;
				CURRENT_PROJECT_VERSION = 1;
				DEBUG_INFORMATION_FORMAT = dwarf;
				ENABLE_STRICT_OBJC_MSGSEND = YES;
				ENABLE_TESTABILITY = YES;
				GCC_C_LANGUAGE_STANDARD = gnu99;
				GCC_DYNAMIC_NO_PIC = NO;
				GCC_NO_COMMON_BLOCKS = YES;
				GCC_OPTIMIZATION_LEVEL = 0;
				GCC_PREPROCESSOR_DEFINITIONS = (
					"DEBUG=1",
					"$(inherited)",
				);
				GCC_WARN_64_TO_32_BIT_CONVERSION = YES;
				GCC_WARN_ABOUT_RETURN_TYPE = YES_ERROR;
				GCC_WARN_UNDECLARED_SELECTOR = YES;
				GCC_WARN_UNINITIALIZED_AUTOS = YES_AGGRESSIVE;
				GCC_WARN_UNUSED_FUNCTION = YES;
				GCC_WARN_UNUSED_VARIABLE = YES;
				IPHONEOS_DEPLOYMENT_TARGET = 10.2;
				MTL_ENABLE_DEBUG_INFO = YES;
				ONLY_ACTIVE_ARCH = YES;
				SDKROOT = iphoneos;
				TARGETED_DEVICE_FAMILY = "1,2";
				VERSIONING_SYSTEM = "apple-generic";
				VERSION_INFO_PREFIX = "";
			};
			name = Debug;
		};
		FB9EDF241E7FA15C00B437CA /* Release */ = {
			isa = XCBuildConfiguration;
			buildSettings = {
				ALWAYS_SEARCH_USER_PATHS = NO;
				CLANG_ANALYZER_NONNULL = YES;
				CLANG_CXX_LANGUAGE_STANDARD = "gnu++14";
				CLANG_CXX_LIBRARY = "libc++";
				CLANG_ENABLE_MODULES = YES;
				CLANG_ENABLE_OBJC_ARC = YES;
				CLANG_WARN_BOOL_CONVERSION = YES;
				CLANG_WARN_CONSTANT_CONVERSION = YES;
				CLANG_WARN_DIRECT_OBJC_ISA_USAGE = YES_ERROR;
				CLANG_WARN_DOCUMENTATION_COMMENTS = YES;
				CLANG_WARN_EMPTY_BODY = YES;
				CLANG_WARN_ENUM_CONVERSION = YES;
				CLANG_WARN_INFINITE_RECURSION = YES;
				CLANG_WARN_INT_CONVERSION = YES;
				CLANG_WARN_OBJC_ROOT_CLASS = YES_ERROR;
				CLANG_WARN_SUSPICIOUS_MOVE = YES;
				CLANG_WARN_UNREACHABLE_CODE = YES;
				CLANG_WARN__DUPLICATE_METHOD_MATCH = YES;
				"CODE_SIGN_IDENTITY[sdk=iphoneos*]" = "iPhone Developer";
				COPY_PHASE_STRIP = NO;
				CURRENT_PROJECT_VERSION = 1;
				DEBUG_INFORMATION_FORMAT = "dwarf-with-dsym";
				ENABLE_NS_ASSERTIONS = NO;
				ENABLE_STRICT_OBJC_MSGSEND = YES;
				GCC_C_LANGUAGE_STANDARD = gnu99;
				GCC_NO_COMMON_BLOCKS = YES;
				GCC_WARN_64_TO_32_BIT_CONVERSION = YES;
				GCC_WARN_ABOUT_RETURN_TYPE = YES_ERROR;
				GCC_WARN_UNDECLARED_SELECTOR = YES;
				GCC_WARN_UNINITIALIZED_AUTOS = YES_AGGRESSIVE;
				GCC_WARN_UNUSED_FUNCTION = YES;
				GCC_WARN_UNUSED_VARIABLE = YES;
				IPHONEOS_DEPLOYMENT_TARGET = 10.2;
				MTL_ENABLE_DEBUG_INFO = NO;
				SDKROOT = iphoneos;
				TARGETED_DEVICE_FAMILY = "1,2";
				VALIDATE_PRODUCT = YES;
				VERSIONING_SYSTEM = "apple-generic";
				VERSION_INFO_PREFIX = "";
			};
			name = Release;
		};
		FB9EDF261E7FA15C00B437CA /* Debug */ = {
			isa = XCBuildConfiguration;
			buildSettings = {
				ALWAYS_SEARCH_USER_PATHS = NO;
				CODE_SIGN_IDENTITY = "";
				DEFINES_MODULE = YES;
				DEVELOPMENT_TEAM = 8652TQR753;
				DYLIB_COMPATIBILITY_VERSION = 1;
				DYLIB_CURRENT_VERSION = 1;
				DYLIB_INSTALL_NAME_BASE = "@rpath";
				INFOPLIST_FILE = WordsToImage/Info.plist;
				INSTALL_PATH = "$(LOCAL_LIBRARY_DIR)/Frameworks";
				LD_RUNPATH_SEARCH_PATHS = "$(inherited) @executable_path/Frameworks @loader_path/Frameworks";
				LIBRARY_SEARCH_PATHS = "";
				PRODUCT_BUNDLE_IDENTIFIER = com.hejunqiu.WordsToImage;
				PRODUCT_NAME = "$(TARGET_NAME)";
				SKIP_INSTALL = YES;
				USER_HEADER_SEARCH_PATHS = "";
			};
			name = Debug;
		};
		FB9EDF271E7FA15C00B437CA /* Release */ = {
			isa = XCBuildConfiguration;
			buildSettings = {
				ALWAYS_SEARCH_USER_PATHS = NO;
				CODE_SIGN_IDENTITY = "";
				DEFINES_MODULE = YES;
				DEVELOPMENT_TEAM = 8652TQR753;
				DYLIB_COMPATIBILITY_VERSION = 1;
				DYLIB_CURRENT_VERSION = 1;
				DYLIB_INSTALL_NAME_BASE = "@rpath";
				INFOPLIST_FILE = WordsToImage/Info.plist;
				INSTALL_PATH = "$(LOCAL_LIBRARY_DIR)/Frameworks";
				LD_RUNPATH_SEARCH_PATHS = "$(inherited) @executable_path/Frameworks @loader_path/Frameworks";
				LIBRARY_SEARCH_PATHS = "";
				PRODUCT_BUNDLE_IDENTIFIER = com.hejunqiu.WordsToImage;
				PRODUCT_NAME = "$(TARGET_NAME)";
				SKIP_INSTALL = YES;
				USER_HEADER_SEARCH_PATHS = "";
			};
			name = Release;
		};
/* End XCBuildConfiguration section */

/* Begin XCConfigurationList section */
		FB0711D61E80FE7200F4B16C /* Build configuration list for PBXNativeTarget "WordsToImageMac" */ = {
			isa = XCConfigurationList;
			buildConfigurations = (
				FB0711D71E80FE7200F4B16C /* Debug */,
				FB0711D81E80FE7200F4B16C /* Release */,
			);
			defaultConfigurationIsVisible = 0;
		};
		FB9EDF0B1E7FA15C00B437CA /* Build configuration list for PBXProject "WordsToImage" */ = {
			isa = XCConfigurationList;
			buildConfigurations = (
				FB9EDF231E7FA15C00B437CA /* Debug */,
				FB9EDF241E7FA15C00B437CA /* Release */,
			);
			defaultConfigurationIsVisible = 0;
			defaultConfigurationName = Release;
		};
		FB9EDF251E7FA15C00B437CA /* Build configuration list for PBXNativeTarget "WordsToImage" */ = {
			isa = XCConfigurationList;
			buildConfigurations = (
				FB9EDF261E7FA15C00B437CA /* Debug */,
				FB9EDF271E7FA15C00B437CA /* Release */,
			);
			defaultConfigurationIsVisible = 0;
			defaultConfigurationName = Release;
		};
/* End XCConfigurationList section */
	};
	rootObject = FB9EDF081E7FA15C00B437CA /* Project object */;
}
